
Microsoft Visual Studio Solution File, Format Version 12.00
# Visual Studio Version 17
VisualStudioVersion = 17.2.32516.85
MinimumVisualStudioVersion = 10.0.40219.1
Project("{FAE04EC0-301F-11D3-BF4B-00C04F79EFBC}") = "Google.Cloud.NetworkConnectivity.V1Alpha1", "Google.Cloud.NetworkConnectivity.V1Alpha1\Google.Cloud.NetworkConnectivity.V1Alpha1.csproj", "{0A5F3E3D-0D27-29EF-7580-DACBCF08C2FE}"
EndProject
Project("{FAE04EC0-301F-11D3-BF4B-00C04F79EFBC}") = "Google.Cloud.NetworkConnectivity.V1Alpha1.Snippets", "Google.Cloud.NetworkConnectivity.V1Alpha1.Snippets\Google.Cloud.NetworkConnectivity.V1Alpha1.Snippets.csproj", "{2997005B-A023-D998-2939-1D8E45A14DFF}"
EndProject
Project("{FAE04EC0-301F-11D3-BF4B-00C04F79EFBC}") = "Google.Cloud.NetworkConnectivity.V1Alpha1.GeneratedSnippets", "Google.Cloud.NetworkConnectivity.V1Alpha1.GeneratedSnippets\Google.Cloud.NetworkConnectivity.V1Alpha1.GeneratedSnippets.csproj", "{6AFD10DF-3BDC-3027-6B37-85E2CD346A03}"
EndProject
Project("{FAE04EC0-301F-11D3-BF4B-00C04F79EFBC}") = "Google.Cloud.ClientTesting", "..\..\tools\Google.Cloud.ClientTesting\Google.Cloud.ClientTesting.csproj", "{29974B0C-A7B0-8CA8-AE32-99F622C89044}"
EndProject
Global
    GlobalSection(SolutionConfigurationPlatforms) = preSolution
        Debug|Any CPU = Debug|Any CPU
        Release|Any CPU = Release|Any CPU
    EndGlobalSection
    GlobalSection(ProjectConfigurationPlatforms) = postSolution
        {0A5F3E3D-0D27-29EF-7580-DACBCF08C2FE}.Debug|Any CPU.ActiveCfg = Debug|Any CPU
        {0A5F3E3D-0D27-29EF-7580-DACBCF08C2FE}.Debug|Any CPU.Build.0 = Debug|Any CPU
        {0A5F3E3D-0D27-29EF-7580-DACBCF08C2FE}.Release|Any CPU.ActiveCfg = Release|Any CPU
        {0A5F3E3D-0D27-29EF-7580-DACBCF08C2FE}.Release|Any CPU.Build.0 = Release|Any CPU
        {2997005B-A023-D998-2939-1D8E45A14DFF}.Debug|Any CPU.ActiveCfg = Debug|Any CPU
        {2997005B-A023-D998-2939-1D8E45A14DFF}.Debug|Any CPU.Build.0 = Debug|Any CPU
        {2997005B-A023-D998-2939-1D8E45A14DFF}.Release|Any CPU.ActiveCfg = Release|Any CPU
        {2997005B-A023-D998-2939-1D8E45A14DFF}.Release|Any CPU.Build.0 = Release|Any CPU
        {6AFD10DF-3BDC-3027-6B37-85E2CD346A03}.Debug|Any CPU.ActiveCfg = Debug|Any CPU
        {6AFD10DF-3BDC-3027-6B37-85E2CD346A03}.Debug|Any CPU.Build.0 = Debug|Any CPU
        {6AFD10DF-3BDC-3027-6B37-85E2CD346A03}.Release|Any CPU.ActiveCfg = Release|Any CPU
        {6AFD10DF-3BDC-3027-6B37-85E2CD346A03}.Release|Any CPU.Build.0 = Release|Any CPU
        {29974B0C-A7B0-8CA8-AE32-99F622C89044}.Debug|Any CPU.ActiveCfg = Debug|Any CPU
        {29974B0C-A7B0-8CA8-AE32-99F622C89044}.Debug|Any CPU.Build.0 = Debug|Any CPU
        {29974B0C-A7B0-8CA8-AE32-99F622C89044}.Release|Any CPU.ActiveCfg = Release|Any CPU
        {29974B0C-A7B0-8CA8-AE32-99F622C89044}.Release|Any CPU.Build.0 = Release|Any CPU
    EndGlobalSection
EndGlobal