
Microsoft Visual Studio Solution File, Format Version 12.00
# Visual Studio Version 17
VisualStudioVersion = 17.2.32516.85
MinimumVisualStudioVersion = 10.0.40219.1
Project("{FAE04EC0-301F-11D3-BF4B-00C04F79EFBC}") = "Google.Shopping.Merchant.Notifications.V1Beta", "Google.Shopping.Merchant.Notifications.V1Beta\Google.Shopping.Merchant.Notifications.V1Beta.csproj", "{C2927C7E-DBFF-5F5A-F827-2439359E41FD}"
EndProject
Project("{FAE04EC0-301F-11D3-BF4B-00C04F79EFBC}") = "Google.Shopping.Merchant.Notifications.V1Beta.Snippets", "Google.Shopping.Merchant.Notifications.V1Beta.Snippets\Google.Shopping.Merchant.Notifications.V1Beta.Snippets.csproj", "{11EA07C8-41A8-B9ED-7BE4-77545A13172E}"
EndProject
Project("{FAE04EC0-301F-11D3-BF4B-00C04F79EFBC}") = "Google.Shopping.Merchant.Notifications.V1Beta.GeneratedSnippets", "Google.Shopping.Merchant.Notifications.V1Beta.GeneratedSnippets\Google.Shopping.Merchant.Notifications.V1Beta.GeneratedSnippets.csproj", "{04C3CCA1-1877-59DA-45E2-B4E36FCA7C76}"
EndProject
Project("{FAE04EC0-301F-11D3-BF4B-00C04F79EFBC}") = "Google.Cloud.ClientTesting", "..\..\tools\Google.Cloud.ClientTesting\Google.Cloud.ClientTesting.csproj", "{29974B0C-A7B0-8CA8-AE32-99F622C89044}"
EndProject
Global
	GlobalSection(SolutionConfigurationPlatforms) = preSolution
		Debug|Any CPU = Debug|Any CPU
		Release|Any CPU = Release|Any CPU
	EndGlobalSection
	GlobalSection(ProjectConfigurationPlatforms) = postSolution
		{C2927C7E-DBFF-5F5A-F827-2439359E41FD}.Debug|Any CPU.ActiveCfg = Debug|Any CPU
		{C2927C7E-DBFF-5F5A-F827-2439359E41FD}.Debug|Any CPU.Build.0 = Debug|Any CPU
		{C2927C7E-DBFF-5F5A-F827-2439359E41FD}.Release|Any CPU.ActiveCfg = Release|Any CPU
		{C2927C7E-DBFF-5F5A-F827-2439359E41FD}.Release|Any CPU.Build.0 = Release|Any CPU
		{11EA07C8-41A8-B9ED-7BE4-77545A13172E}.Debug|Any CPU.ActiveCfg = Debug|Any CPU
		{11EA07C8-41A8-B9ED-7BE4-77545A13172E}.Debug|Any CPU.Build.0 = Debug|Any CPU
		{11EA07C8-41A8-B9ED-7BE4-77545A13172E}.Release|Any CPU.ActiveCfg = Release|Any CPU
		{11EA07C8-41A8-B9ED-7BE4-77545A13172E}.Release|Any CPU.Build.0 = Release|Any CPU
		{04C3CCA1-1877-59DA-45E2-B4E36FCA7C76}.Debug|Any CPU.ActiveCfg = Debug|Any CPU
		{04C3CCA1-1877-59DA-45E2-B4E36FCA7C76}.Debug|Any CPU.Build.0 = Debug|Any CPU
		{04C3CCA1-1877-59DA-45E2-B4E36FCA7C76}.Release|Any CPU.ActiveCfg = Release|Any CPU
		{04C3CCA1-1877-59DA-45E2-B4E36FCA7C76}.Release|Any CPU.Build.0 = Release|Any CPU
		{29974B0C-A7B0-8CA8-AE32-99F622C89044}.Debug|Any CPU.ActiveCfg = Debug|Any CPU
		{29974B0C-A7B0-8CA8-AE32-99F622C89044}.Debug|Any CPU.Build.0 = Debug|Any CPU
		{29974B0C-A7B0-8CA8-AE32-99F622C89044}.Release|Any CPU.ActiveCfg = Release|Any CPU
		{29974B0C-A7B0-8CA8-AE32-99F622C89044}.Release|Any CPU.Build.0 = Release|Any CPU
	EndGlobalSection
	GlobalSection(SolutionProperties) = preSolution
		HideSolutionNode = FALSE
	EndGlobalSection
EndGlobal
