
Microsoft Visual Studio Solution File, Format Version 12.00
# Visual Studio Version 17
VisualStudioVersion = 17.2.32516.85
MinimumVisualStudioVersion = 10.0.40219.1
Project("{FAE04EC0-301F-11D3-BF4B-00C04F79EFBC}") = "Google.Cloud.Workflows.Executions.V1\Google.Cloud.Workflows.Executions.V1", "Google.Cloud.Workflows.Executions.V1\Google.Cloud.Workflows.Executions.V1.csproj", "{D58BA9DF-B4F5-89D0-84FC-4A6D3EB992F7}"
EndProject
Project("{FAE04EC0-301F-11D3-BF4B-00C04F79EFBC}") = "Google.Cloud.Workflows.Executions.V1.Snippets\Google.Cloud.Workflows.Executions.V1.Snippets", "Google.Cloud.Workflows.Executions.V1.Snippets\Google.Cloud.Workflows.Executions.V1.Snippets.csproj", "{F77ED8E6-EA21-335C-9284-30A3273ECD85}"
EndProject
Project("{FAE04EC0-301F-11D3-BF4B-00C04F79EFBC}") = "Google.Cloud.Workflows.Executions.V1.GeneratedSnippets\Google.Cloud.Workflows.Executions.V1.GeneratedSnippets", "Google.Cloud.Workflows.Executions.V1.GeneratedSnippets\Google.Cloud.Workflows.Executions.V1.GeneratedSnippets.csproj", "{5C002884-8CF4-9D49-C1FC-F1E362856CB6}"
EndProject
Project("{FAE04EC0-301F-11D3-BF4B-00C04F79EFBC}") = "..\..\tools\Google.Cloud.ClientTesting\Google.Cloud.ClientTesting", "..\..\tools\Google.Cloud.ClientTesting\Google.Cloud.ClientTesting.csproj", "{D966BB1C-1B6F-1563-D7D9-4F5C5ACF8B95}"
EndProject
Global
    GlobalSection(SolutionConfigurationPlatforms) = preSolution
        Debug|Any CPU = Debug|Any CPU
        Release|Any CPU = Release|Any CPU
    EndGlobalSection
    GlobalSection(ProjectConfigurationPlatforms) = postSolution
        {D58BA9DF-B4F5-89D0-84FC-4A6D3EB992F7}.Debug|Any CPU.ActiveCfg = Debug|Any CPU
        {D58BA9DF-B4F5-89D0-84FC-4A6D3EB992F7}.Debug|Any CPU.Build.0 = Debug|Any CPU
        {D58BA9DF-B4F5-89D0-84FC-4A6D3EB992F7}.Release|Any CPU.ActiveCfg = Release|Any CPU
        {D58BA9DF-B4F5-89D0-84FC-4A6D3EB992F7}.Release|Any CPU.Build.0 = Release|Any CPU
        {F77ED8E6-EA21-335C-9284-30A3273ECD85}.Debug|Any CPU.ActiveCfg = Debug|Any CPU
        {F77ED8E6-EA21-335C-9284-30A3273ECD85}.Debug|Any CPU.Build.0 = Debug|Any CPU
        {F77ED8E6-EA21-335C-9284-30A3273ECD85}.Release|Any CPU.ActiveCfg = Release|Any CPU
        {F77ED8E6-EA21-335C-9284-30A3273ECD85}.Release|Any CPU.Build.0 = Release|Any CPU
        {5C002884-8CF4-9D49-C1FC-F1E362856CB6}.Debug|Any CPU.ActiveCfg = Debug|Any CPU
        {5C002884-8CF4-9D49-C1FC-F1E362856CB6}.Debug|Any CPU.Build.0 = Debug|Any CPU
        {5C002884-8CF4-9D49-C1FC-F1E362856CB6}.Release|Any CPU.ActiveCfg = Release|Any CPU
        {5C002884-8CF4-9D49-C1FC-F1E362856CB6}.Release|Any CPU.Build.0 = Release|Any CPU
        {D966BB1C-1B6F-1563-D7D9-4F5C5ACF8B95}.Debug|Any CPU.ActiveCfg = Debug|Any CPU
        {D966BB1C-1B6F-1563-D7D9-4F5C5ACF8B95}.Debug|Any CPU.Build.0 = Debug|Any CPU
        {D966BB1C-1B6F-1563-D7D9-4F5C5ACF8B95}.Release|Any CPU.ActiveCfg = Release|Any CPU
        {D966BB1C-1B6F-1563-D7D9-4F5C5ACF8B95}.Release|Any CPU.Build.0 = Release|Any CPU
    EndGlobalSection
EndGlobal
