
Microsoft Visual Studio Solution File, Format Version 12.00
# Visual Studio Version 17
VisualStudioVersion = 17.2.32516.85
MinimumVisualStudioVersion = 10.0.40219.1
Project("{FAE04EC0-301F-11D3-BF4B-00C04F79EFBC}") = "Google.Cloud.Firestore.Admin.V1", "Google.Cloud.Firestore.Admin.V1\Google.Cloud.Firestore.Admin.V1.csproj", "{AE1C2849-D48F-776B-3FF8-C799DBE830C2}"
EndProject
Project("{FAE04EC0-301F-11D3-BF4B-00C04F79EFBC}") = "Google.Cloud.Firestore.Admin.V1.Snippets", "Google.Cloud.Firestore.Admin.V1.Snippets\Google.Cloud.Firestore.Admin.V1.Snippets.csproj", "{C9C2C7CA-9AC4-1660-D21C-F47DD0397533}"
EndProject
Project("{FAE04EC0-301F-11D3-BF4B-00C04F79EFBC}") = "Google.Cloud.Firestore.Admin.V1.GeneratedSnippets", "Google.Cloud.Firestore.Admin.V1.GeneratedSnippets\Google.Cloud.Firestore.Admin.V1.GeneratedSnippets.csproj", "{ED3C79D1-F7BA-FF50-08CA-16E07262206F}"
EndProject
Project("{FAE04EC0-301F-11D3-BF4B-00C04F79EFBC}") = "Google.Cloud.ClientTesting", "..\..\tools\Google.Cloud.ClientTesting\Google.Cloud.ClientTesting.csproj", "{29974B0C-A7B0-8CA8-AE32-99F622C89044}"
EndProject
Global
    GlobalSection(SolutionConfigurationPlatforms) = preSolution
        Debug|Any CPU = Debug|Any CPU
        Release|Any CPU = Release|Any CPU
    EndGlobalSection
    GlobalSection(ProjectConfigurationPlatforms) = postSolution
        {AE1C2849-D48F-776B-3FF8-C799DBE830C2}.Debug|Any CPU.ActiveCfg = Debug|Any CPU
        {AE1C2849-D48F-776B-3FF8-C799DBE830C2}.Debug|Any CPU.Build.0 = Debug|Any CPU
        {AE1C2849-D48F-776B-3FF8-C799DBE830C2}.Release|Any CPU.ActiveCfg = Release|Any CPU
        {AE1C2849-D48F-776B-3FF8-C799DBE830C2}.Release|Any CPU.Build.0 = Release|Any CPU
        {C9C2C7CA-9AC4-1660-D21C-F47DD0397533}.Debug|Any CPU.ActiveCfg = Debug|Any CPU
        {C9C2C7CA-9AC4-1660-D21C-F47DD0397533}.Debug|Any CPU.Build.0 = Debug|Any CPU
        {C9C2C7CA-9AC4-1660-D21C-F47DD0397533}.Release|Any CPU.ActiveCfg = Release|Any CPU
        {C9C2C7CA-9AC4-1660-D21C-F47DD0397533}.Release|Any CPU.Build.0 = Release|Any CPU
        {ED3C79D1-F7BA-FF50-08CA-16E07262206F}.Debug|Any CPU.ActiveCfg = Debug|Any CPU
        {ED3C79D1-F7BA-FF50-08CA-16E07262206F}.Debug|Any CPU.Build.0 = Debug|Any CPU
        {ED3C79D1-F7BA-FF50-08CA-16E07262206F}.Release|Any CPU.ActiveCfg = Release|Any CPU
        {ED3C79D1-F7BA-FF50-08CA-16E07262206F}.Release|Any CPU.Build.0 = Release|Any CPU
        {29974B0C-A7B0-8CA8-AE32-99F622C89044}.Debug|Any CPU.ActiveCfg = Debug|Any CPU
        {29974B0C-A7B0-8CA8-AE32-99F622C89044}.Debug|Any CPU.Build.0 = Debug|Any CPU
        {29974B0C-A7B0-8CA8-AE32-99F622C89044}.Release|Any CPU.ActiveCfg = Release|Any CPU
        {29974B0C-A7B0-8CA8-AE32-99F622C89044}.Release|Any CPU.Build.0 = Release|Any CPU
    EndGlobalSection
EndGlobal