
Microsoft Visual Studio Solution File, Format Version 12.00
# Visual Studio 15
VisualStudioVersion = 15.0.26114.2
MinimumVisualStudioVersion = 10.0.40219.1
Project("{9A19103F-16F7-4668-BE54-9A1E7A4F7556}") = "Google.Cloud.Speech.V1", "Google.Cloud.Speech.V1\Google.Cloud.Speech.V1.csproj", "{A2D62EF9-1F25-42A3-98D9-01C1D5838CFE}"
EndProject
Project("{9A19103F-16F7-4668-BE54-9A1E7A4F7556}") = "Google.Cloud.Speech.V1.Snippets", "Google.Cloud.Speech.V1.Snippets\Google.Cloud.Speech.V1.Snippets.csproj", "{25D98E51-33AF-455B-B5DD-C0E17F65EA0F}"
EndProject
Project("{9A19103F-16F7-4668-BE54-9A1E7A4F7556}") = "Google.LongRunning", "..\Google.LongRunning\Google.LongRunning\Google.LongRunning.csproj", "{2DA31819-9094-49EC-96B6-744A481EB4F9}"
EndProject
Project("{9A19103F-16F7-4668-BE54-9A1E7A4F7556}") = "Google.Cloud.Speech.V1.LanguageCodeGenerator", "Google.Cloud.Speech.V1.LanguageCodeGenerator\Google.Cloud.Speech.V1.LanguageCodeGenerator.csproj", "{1E891B79-7EA0-441D-83E1-A1D492B68ED9}"
EndProject
Global
	GlobalSection(SolutionConfigurationPlatforms) = preSolution
		Debug|Any CPU = Debug|Any CPU
		Release|Any CPU = Release|Any CPU
	EndGlobalSection
	GlobalSection(ProjectConfigurationPlatforms) = postSolution
		{A2D62EF9-1F25-42A3-98D9-01C1D5838CFE}.Debug|Any CPU.ActiveCfg = Debug|Any CPU
		{A2D62EF9-1F25-42A3-98D9-01C1D5838CFE}.Debug|Any CPU.Build.0 = Debug|Any CPU
		{A2D62EF9-1F25-42A3-98D9-01C1D5838CFE}.Release|Any CPU.ActiveCfg = Release|Any CPU
		{A2D62EF9-1F25-42A3-98D9-01C1D5838CFE}.Release|Any CPU.Build.0 = Release|Any CPU
		{25D98E51-33AF-455B-B5DD-C0E17F65EA0F}.Debug|Any CPU.ActiveCfg = Debug|Any CPU
		{25D98E51-33AF-455B-B5DD-C0E17F65EA0F}.Debug|Any CPU.Build.0 = Debug|Any CPU
		{25D98E51-33AF-455B-B5DD-C0E17F65EA0F}.Release|Any CPU.ActiveCfg = Release|Any CPU
		{25D98E51-33AF-455B-B5DD-C0E17F65EA0F}.Release|Any CPU.Build.0 = Release|Any CPU
		{2DA31819-9094-49EC-96B6-744A481EB4F9}.Debug|Any CPU.ActiveCfg = Debug|Any CPU
		{2DA31819-9094-49EC-96B6-744A481EB4F9}.Debug|Any CPU.Build.0 = Debug|Any CPU
		{2DA31819-9094-49EC-96B6-744A481EB4F9}.Release|Any CPU.ActiveCfg = Release|Any CPU
		{2DA31819-9094-49EC-96B6-744A481EB4F9}.Release|Any CPU.Build.0 = Release|Any CPU
		{1E891B79-7EA0-441D-83E1-A1D492B68ED9}.Debug|Any CPU.ActiveCfg = Debug|Any CPU
		{1E891B79-7EA0-441D-83E1-A1D492B68ED9}.Debug|Any CPU.Build.0 = Debug|Any CPU
		{1E891B79-7EA0-441D-83E1-A1D492B68ED9}.Release|Any CPU.ActiveCfg = Release|Any CPU
		{1E891B79-7EA0-441D-83E1-A1D492B68ED9}.Release|Any CPU.Build.0 = Release|Any CPU
	EndGlobalSection
	GlobalSection(SolutionProperties) = preSolution
		HideSolutionNode = FALSE
	EndGlobalSection
EndGlobal
