
Microsoft Visual Studio Solution File, Format Version 12.00
# Visual Studio Version 17
VisualStudioVersion = 17.2.32516.85
MinimumVisualStudioVersion = 10.0.40219.1
Project("{FAE04EC0-301F-11D3-BF4B-00C04F79EFBC}") = "Google.Cloud.AppHub.V1", "Google.Cloud.AppHub.V1\Google.Cloud.AppHub.V1.csproj", "{A335D5D6-08DB-71A6-9BE1-5CF4AAD4FA8D}"
EndProject
Project("{FAE04EC0-301F-11D3-BF4B-00C04F79EFBC}") = "Google.Cloud.AppHub.V1.Snippets", "Google.Cloud.AppHub.V1.Snippets\Google.Cloud.AppHub.V1.Snippets.csproj", "{F480C2FE-F4B7-C51E-56F4-AF6E873987F6}"
EndProject
Project("{FAE04EC0-301F-11D3-BF4B-00C04F79EFBC}") = "Google.Cloud.AppHub.V1.GeneratedSnippets", "Google.Cloud.AppHub.V1.GeneratedSnippets\Google.Cloud.AppHub.V1.GeneratedSnippets.csproj", "{7716DBEC-907B-38EE-5CBA-FBB8DE037247}"
EndProject
Project("{FAE04EC0-301F-11D3-BF4B-00C04F79EFBC}") = "Google.Cloud.ClientTesting", "..\..\tools\Google.Cloud.ClientTesting\Google.Cloud.ClientTesting.csproj", "{29974B0C-A7B0-8CA8-AE32-99F622C89044}"
EndProject
Global
    GlobalSection(SolutionConfigurationPlatforms) = preSolution
        Debug|Any CPU = Debug|Any CPU
        Release|Any CPU = Release|Any CPU
    EndGlobalSection
    GlobalSection(ProjectConfigurationPlatforms) = postSolution
        {A335D5D6-08DB-71A6-9BE1-5CF4AAD4FA8D}.Debug|Any CPU.ActiveCfg = Debug|Any CPU
        {A335D5D6-08DB-71A6-9BE1-5CF4AAD4FA8D}.Debug|Any CPU.Build.0 = Debug|Any CPU
        {A335D5D6-08DB-71A6-9BE1-5CF4AAD4FA8D}.Release|Any CPU.ActiveCfg = Release|Any CPU
        {A335D5D6-08DB-71A6-9BE1-5CF4AAD4FA8D}.Release|Any CPU.Build.0 = Release|Any CPU
        {F480C2FE-F4B7-C51E-56F4-AF6E873987F6}.Debug|Any CPU.ActiveCfg = Debug|Any CPU
        {F480C2FE-F4B7-C51E-56F4-AF6E873987F6}.Debug|Any CPU.Build.0 = Debug|Any CPU
        {F480C2FE-F4B7-C51E-56F4-AF6E873987F6}.Release|Any CPU.ActiveCfg = Release|Any CPU
        {F480C2FE-F4B7-C51E-56F4-AF6E873987F6}.Release|Any CPU.Build.0 = Release|Any CPU
        {7716DBEC-907B-38EE-5CBA-FBB8DE037247}.Debug|Any CPU.ActiveCfg = Debug|Any CPU
        {7716DBEC-907B-38EE-5CBA-FBB8DE037247}.Debug|Any CPU.Build.0 = Debug|Any CPU
        {7716DBEC-907B-38EE-5CBA-FBB8DE037247}.Release|Any CPU.ActiveCfg = Release|Any CPU
        {7716DBEC-907B-38EE-5CBA-FBB8DE037247}.Release|Any CPU.Build.0 = Release|Any CPU
        {29974B0C-A7B0-8CA8-AE32-99F622C89044}.Debug|Any CPU.ActiveCfg = Debug|Any CPU
        {29974B0C-A7B0-8CA8-AE32-99F622C89044}.Debug|Any CPU.Build.0 = Debug|Any CPU
        {29974B0C-A7B0-8CA8-AE32-99F622C89044}.Release|Any CPU.ActiveCfg = Release|Any CPU
        {29974B0C-A7B0-8CA8-AE32-99F622C89044}.Release|Any CPU.Build.0 = Release|Any CPU
    EndGlobalSection
EndGlobal
