
Microsoft Visual Studio Solution File, Format Version 12.00
# Visual Studio Version 17
VisualStudioVersion = 17.2.32516.85
MinimumVisualStudioVersion = 10.0.40219.1
Project("{FAE04EC0-301F-11D3-BF4B-00C04F79EFBC}") = "Google.Cloud.BigQuery.Connection.V1\Google.Cloud.BigQuery.Connection.V1", "Google.Cloud.BigQuery.Connection.V1\Google.Cloud.BigQuery.Connection.V1.csproj", "{5B170AD0-873A-0630-5A57-724398404663}"
EndProject
Project("{FAE04EC0-301F-11D3-BF4B-00C04F79EFBC}") = "Google.Cloud.BigQuery.Connection.V1.Snippets\Google.Cloud.BigQuery.Connection.V1.Snippets", "Google.Cloud.BigQuery.Connection.V1.Snippets\Google.Cloud.BigQuery.Connection.V1.Snippets.csproj", "{7DE27747-7033-2044-BAC0-D264193B991F}"
EndProject
Project("{FAE04EC0-301F-11D3-BF4B-00C04F79EFBC}") = "Google.Cloud.BigQuery.Connection.V1.GeneratedSnippets\Google.Cloud.BigQuery.Connection.V1.GeneratedSnippets", "Google.Cloud.BigQuery.Connection.V1.GeneratedSnippets\Google.Cloud.BigQuery.Connection.V1.GeneratedSnippets.csproj", "{3381F7D0-00E9-FD25-9C48-95C8CF7BEB14}"
EndProject
Project("{FAE04EC0-301F-11D3-BF4B-00C04F79EFBC}") = "..\..\tools\Google.Cloud.ClientTesting\Google.Cloud.ClientTesting", "..\..\tools\Google.Cloud.ClientTesting\Google.Cloud.ClientTesting.csproj", "{D966BB1C-1B6F-1563-D7D9-4F5C5ACF8B95}"
EndProject
Global
    GlobalSection(SolutionConfigurationPlatforms) = preSolution
        Debug|Any CPU = Debug|Any CPU
        Release|Any CPU = Release|Any CPU
    EndGlobalSection
    GlobalSection(ProjectConfigurationPlatforms) = postSolution
        {5B170AD0-873A-0630-5A57-724398404663}.Debug|Any CPU.ActiveCfg = Debug|Any CPU
        {5B170AD0-873A-0630-5A57-724398404663}.Debug|Any CPU.Build.0 = Debug|Any CPU
        {5B170AD0-873A-0630-5A57-724398404663}.Release|Any CPU.ActiveCfg = Release|Any CPU
        {5B170AD0-873A-0630-5A57-724398404663}.Release|Any CPU.Build.0 = Release|Any CPU
        {7DE27747-7033-2044-BAC0-D264193B991F}.Debug|Any CPU.ActiveCfg = Debug|Any CPU
        {7DE27747-7033-2044-BAC0-D264193B991F}.Debug|Any CPU.Build.0 = Debug|Any CPU
        {7DE27747-7033-2044-BAC0-D264193B991F}.Release|Any CPU.ActiveCfg = Release|Any CPU
        {7DE27747-7033-2044-BAC0-D264193B991F}.Release|Any CPU.Build.0 = Release|Any CPU
        {3381F7D0-00E9-FD25-9C48-95C8CF7BEB14}.Debug|Any CPU.ActiveCfg = Debug|Any CPU
        {3381F7D0-00E9-FD25-9C48-95C8CF7BEB14}.Debug|Any CPU.Build.0 = Debug|Any CPU
        {3381F7D0-00E9-FD25-9C48-95C8CF7BEB14}.Release|Any CPU.ActiveCfg = Release|Any CPU
        {3381F7D0-00E9-FD25-9C48-95C8CF7BEB14}.Release|Any CPU.Build.0 = Release|Any CPU
        {D966BB1C-1B6F-1563-D7D9-4F5C5ACF8B95}.Debug|Any CPU.ActiveCfg = Debug|Any CPU
        {D966BB1C-1B6F-1563-D7D9-4F5C5ACF8B95}.Debug|Any CPU.Build.0 = Debug|Any CPU
        {D966BB1C-1B6F-1563-D7D9-4F5C5ACF8B95}.Release|Any CPU.ActiveCfg = Release|Any CPU
        {D966BB1C-1B6F-1563-D7D9-4F5C5ACF8B95}.Release|Any CPU.Build.0 = Release|Any CPU
    EndGlobalSection
EndGlobal
