
Microsoft Visual Studio Solution File, Format Version 12.00
# Visual Studio Version 17
VisualStudioVersion = 17.0.31903.59
MinimumVisualStudioVersion = 10.0.40219.1
Project("{FAE04EC0-301F-11D3-BF4B-00C04F79EFBC}") = "Google.Cloud.Datastore.V1", "Google.Cloud.Datastore.V1\Google.Cloud.Datastore.V1.csproj", "{764E9D0B-4F91-4F04-82E2-6D26B91CC4E0}"
EndProject
Project("{FAE04EC0-301F-11D3-BF4B-00C04F79EFBC}") = "Google.Cloud.Datastore.V1.GeneratedSnippets", "Google.Cloud.Datastore.V1.GeneratedSnippets\Google.Cloud.Datastore.V1.GeneratedSnippets.csproj", "{3482616E-1924-4B46-B4C9-3B0925296C53}"
EndProject
Project("{FAE04EC0-301F-11D3-BF4B-00C04F79EFBC}") = "Google.Cloud.ClientTesting", "..\..\tools\Google.Cloud.ClientTesting\Google.Cloud.ClientTesting.csproj", "{9716FFAA-4B10-416C-A0F1-73D7C54229D8}"
EndProject
Project("{FAE04EC0-301F-11D3-BF4B-00C04F79EFBC}") = "Google.Cloud.Datastore.V1.IntegrationTests", "Google.Cloud.Datastore.V1.IntegrationTests\Google.Cloud.Datastore.V1.IntegrationTests.csproj", "{9BB9D41E-830F-48F0-A319-2203A2521E5D}"
EndProject
Project("{FAE04EC0-301F-11D3-BF4B-00C04F79EFBC}") = "Google.Cloud.Datastore.V1.Snippets", "Google.Cloud.Datastore.V1.Snippets\Google.Cloud.Datastore.V1.Snippets.csproj", "{D70647A3-ECC2-4441-BD63-D6565C7B9A4F}"
EndProject
Project("{FAE04EC0-301F-11D3-BF4B-00C04F79EFBC}") = "Google.Cloud.Datastore.V1.Tests", "Google.Cloud.Datastore.V1.Tests\Google.Cloud.Datastore.V1.Tests.csproj", "{77B7F32E-3A37-4F32-8F5C-0672AACEB9E2}"
EndProject
Global
	GlobalSection(SolutionConfigurationPlatforms) = preSolution
		Debug|Any CPU = Debug|Any CPU
		Release|Any CPU = Release|Any CPU
	EndGlobalSection
	GlobalSection(SolutionProperties) = preSolution
		HideSolutionNode = FALSE
	EndGlobalSection
	GlobalSection(ProjectConfigurationPlatforms) = postSolution
		{764E9D0B-4F91-4F04-82E2-6D26B91CC4E0}.Debug|Any CPU.ActiveCfg = Debug|Any CPU
		{764E9D0B-4F91-4F04-82E2-6D26B91CC4E0}.Debug|Any CPU.Build.0 = Debug|Any CPU
		{764E9D0B-4F91-4F04-82E2-6D26B91CC4E0}.Release|Any CPU.ActiveCfg = Release|Any CPU
		{764E9D0B-4F91-4F04-82E2-6D26B91CC4E0}.Release|Any CPU.Build.0 = Release|Any CPU
		{3482616E-1924-4B46-B4C9-3B0925296C53}.Debug|Any CPU.ActiveCfg = Debug|Any CPU
		{3482616E-1924-4B46-B4C9-3B0925296C53}.Debug|Any CPU.Build.0 = Debug|Any CPU
		{3482616E-1924-4B46-B4C9-3B0925296C53}.Release|Any CPU.ActiveCfg = Release|Any CPU
		{3482616E-1924-4B46-B4C9-3B0925296C53}.Release|Any CPU.Build.0 = Release|Any CPU
		{9716FFAA-4B10-416C-A0F1-73D7C54229D8}.Debug|Any CPU.ActiveCfg = Debug|Any CPU
		{9716FFAA-4B10-416C-A0F1-73D7C54229D8}.Debug|Any CPU.Build.0 = Debug|Any CPU
		{9716FFAA-4B10-416C-A0F1-73D7C54229D8}.Release|Any CPU.ActiveCfg = Release|Any CPU
		{9716FFAA-4B10-416C-A0F1-73D7C54229D8}.Release|Any CPU.Build.0 = Release|Any CPU
		{9BB9D41E-830F-48F0-A319-2203A2521E5D}.Debug|Any CPU.ActiveCfg = Debug|Any CPU
		{9BB9D41E-830F-48F0-A319-2203A2521E5D}.Debug|Any CPU.Build.0 = Debug|Any CPU
		{9BB9D41E-830F-48F0-A319-2203A2521E5D}.Release|Any CPU.ActiveCfg = Release|Any CPU
		{9BB9D41E-830F-48F0-A319-2203A2521E5D}.Release|Any CPU.Build.0 = Release|Any CPU
		{D70647A3-ECC2-4441-BD63-D6565C7B9A4F}.Debug|Any CPU.ActiveCfg = Debug|Any CPU
		{D70647A3-ECC2-4441-BD63-D6565C7B9A4F}.Debug|Any CPU.Build.0 = Debug|Any CPU
		{D70647A3-ECC2-4441-BD63-D6565C7B9A4F}.Release|Any CPU.ActiveCfg = Release|Any CPU
		{D70647A3-ECC2-4441-BD63-D6565C7B9A4F}.Release|Any CPU.Build.0 = Release|Any CPU
		{77B7F32E-3A37-4F32-8F5C-0672AACEB9E2}.Debug|Any CPU.ActiveCfg = Debug|Any CPU
		{77B7F32E-3A37-4F32-8F5C-0672AACEB9E2}.Debug|Any CPU.Build.0 = Debug|Any CPU
		{77B7F32E-3A37-4F32-8F5C-0672AACEB9E2}.Release|Any CPU.ActiveCfg = Release|Any CPU
		{77B7F32E-3A37-4F32-8F5C-0672AACEB9E2}.Release|Any CPU.Build.0 = Release|Any CPU
	EndGlobalSection
EndGlobal
