
Microsoft Visual Studio Solution File, Format Version 12.00
# Visual Studio Version 17
VisualStudioVersion = 17.0.31903.59
MinimumVisualStudioVersion = 10.0.40219.1
Project("{FAE04EC0-301F-11D3-BF4B-00C04F79EFBC}") = "Google.Cloud.Functions.V2", "Google.Cloud.Functions.V2\Google.Cloud.Functions.V2.csproj", "{FEC6C5A1-C490-4152-A4EC-4BF09351A504}"
EndProject
Project("{FAE04EC0-301F-11D3-BF4B-00C04F79EFBC}") = "Google.Cloud.Functions.V2.GeneratedSnippets", "Google.Cloud.Functions.V2.GeneratedSnippets\Google.Cloud.Functions.V2.GeneratedSnippets.csproj", "{548425C0-2A10-4D16-9149-BBED0DEDF470}"
EndProject
Project("{FAE04EC0-301F-11D3-BF4B-00C04F79EFBC}") = "Google.Cloud.ClientTesting", "..\..\tools\Google.Cloud.ClientTesting\Google.Cloud.ClientTesting.csproj", "{39A487EA-6D6A-4E8E-A0ED-1B27A5134DCC}"
EndProject
Project("{FAE04EC0-301F-11D3-BF4B-00C04F79EFBC}") = "Google.Cloud.Functions.V2.Snippets", "Google.Cloud.Functions.V2.Snippets\Google.Cloud.Functions.V2.Snippets.csproj", "{7390F896-3D0A-4B45-9000-0309ADC6094A}"
EndProject
Global
	GlobalSection(SolutionConfigurationPlatforms) = preSolution
		Debug|Any CPU = Debug|Any CPU
		Release|Any CPU = Release|Any CPU
	EndGlobalSection
	GlobalSection(SolutionProperties) = preSolution
		HideSolutionNode = FALSE
	EndGlobalSection
	GlobalSection(ProjectConfigurationPlatforms) = postSolution
		{FEC6C5A1-C490-4152-A4EC-4BF09351A504}.Debug|Any CPU.ActiveCfg = Debug|Any CPU
		{FEC6C5A1-C490-4152-A4EC-4BF09351A504}.Debug|Any CPU.Build.0 = Debug|Any CPU
		{FEC6C5A1-C490-4152-A4EC-4BF09351A504}.Release|Any CPU.ActiveCfg = Release|Any CPU
		{FEC6C5A1-C490-4152-A4EC-4BF09351A504}.Release|Any CPU.Build.0 = Release|Any CPU
		{548425C0-2A10-4D16-9149-BBED0DEDF470}.Debug|Any CPU.ActiveCfg = Debug|Any CPU
		{548425C0-2A10-4D16-9149-BBED0DEDF470}.Debug|Any CPU.Build.0 = Debug|Any CPU
		{548425C0-2A10-4D16-9149-BBED0DEDF470}.Release|Any CPU.ActiveCfg = Release|Any CPU
		{548425C0-2A10-4D16-9149-BBED0DEDF470}.Release|Any CPU.Build.0 = Release|Any CPU
		{39A487EA-6D6A-4E8E-A0ED-1B27A5134DCC}.Debug|Any CPU.ActiveCfg = Debug|Any CPU
		{39A487EA-6D6A-4E8E-A0ED-1B27A5134DCC}.Debug|Any CPU.Build.0 = Debug|Any CPU
		{39A487EA-6D6A-4E8E-A0ED-1B27A5134DCC}.Release|Any CPU.ActiveCfg = Release|Any CPU
		{39A487EA-6D6A-4E8E-A0ED-1B27A5134DCC}.Release|Any CPU.Build.0 = Release|Any CPU
		{7390F896-3D0A-4B45-9000-0309ADC6094A}.Debug|Any CPU.ActiveCfg = Debug|Any CPU
		{7390F896-3D0A-4B45-9000-0309ADC6094A}.Debug|Any CPU.Build.0 = Debug|Any CPU
		{7390F896-3D0A-4B45-9000-0309ADC6094A}.Release|Any CPU.ActiveCfg = Release|Any CPU
		{7390F896-3D0A-4B45-9000-0309ADC6094A}.Release|Any CPU.Build.0 = Release|Any CPU
	EndGlobalSection
EndGlobal
