
Microsoft Visual Studio Solution File, Format Version 12.00
# Visual Studio Version 17
VisualStudioVersion = 17.0.31903.59
MinimumVisualStudioVersion = 10.0.40219.1
Project("{FAE04EC0-301F-11D3-BF4B-00C04F79EFBC}") = "Google.Shopping.Merchant.Lfp.V1Beta", "Google.Shopping.Merchant.Lfp.V1Beta\Google.Shopping.Merchant.Lfp.V1Beta.csproj", "{2BE5CC0A-3C54-4AD9-8763-A9F7889E491E}"
EndProject
Project("{FAE04EC0-301F-11D3-BF4B-00C04F79EFBC}") = "Google.Shopping.Merchant.Lfp.V1Beta.GeneratedSnippets", "Google.Shopping.Merchant.Lfp.V1Beta.GeneratedSnippets\Google.Shopping.Merchant.Lfp.V1Beta.GeneratedSnippets.csproj", "{CFAFB90D-F3C5-4842-BDE2-47A3BC014658}"
EndProject
Project("{FAE04EC0-301F-11D3-BF4B-00C04F79EFBC}") = "Google.Cloud.ClientTesting", "..\..\tools\Google.Cloud.ClientTesting\Google.Cloud.ClientTesting.csproj", "{49BFCF60-C3DA-4BD0-BB83-9D452B29B9FD}"
EndProject
Project("{FAE04EC0-301F-11D3-BF4B-00C04F79EFBC}") = "Google.Shopping.Merchant.Lfp.V1Beta.Snippets", "Google.Shopping.Merchant.Lfp.V1Beta.Snippets\Google.Shopping.Merchant.Lfp.V1Beta.Snippets.csproj", "{912DAF4B-686C-4BE1-ACA7-7C5559042772}"
EndProject
Global
	GlobalSection(SolutionConfigurationPlatforms) = preSolution
		Debug|Any CPU = Debug|Any CPU
		Release|Any CPU = Release|Any CPU
	EndGlobalSection
	GlobalSection(SolutionProperties) = preSolution
		HideSolutionNode = FALSE
	EndGlobalSection
	GlobalSection(ProjectConfigurationPlatforms) = postSolution
		{2BE5CC0A-3C54-4AD9-8763-A9F7889E491E}.Debug|Any CPU.ActiveCfg = Debug|Any CPU
		{2BE5CC0A-3C54-4AD9-8763-A9F7889E491E}.Debug|Any CPU.Build.0 = Debug|Any CPU
		{2BE5CC0A-3C54-4AD9-8763-A9F7889E491E}.Release|Any CPU.ActiveCfg = Release|Any CPU
		{2BE5CC0A-3C54-4AD9-8763-A9F7889E491E}.Release|Any CPU.Build.0 = Release|Any CPU
		{CFAFB90D-F3C5-4842-BDE2-47A3BC014658}.Debug|Any CPU.ActiveCfg = Debug|Any CPU
		{CFAFB90D-F3C5-4842-BDE2-47A3BC014658}.Debug|Any CPU.Build.0 = Debug|Any CPU
		{CFAFB90D-F3C5-4842-BDE2-47A3BC014658}.Release|Any CPU.ActiveCfg = Release|Any CPU
		{CFAFB90D-F3C5-4842-BDE2-47A3BC014658}.Release|Any CPU.Build.0 = Release|Any CPU
		{49BFCF60-C3DA-4BD0-BB83-9D452B29B9FD}.Debug|Any CPU.ActiveCfg = Debug|Any CPU
		{49BFCF60-C3DA-4BD0-BB83-9D452B29B9FD}.Debug|Any CPU.Build.0 = Debug|Any CPU
		{49BFCF60-C3DA-4BD0-BB83-9D452B29B9FD}.Release|Any CPU.ActiveCfg = Release|Any CPU
		{49BFCF60-C3DA-4BD0-BB83-9D452B29B9FD}.Release|Any CPU.Build.0 = Release|Any CPU
		{912DAF4B-686C-4BE1-ACA7-7C5559042772}.Debug|Any CPU.ActiveCfg = Debug|Any CPU
		{912DAF4B-686C-4BE1-ACA7-7C5559042772}.Debug|Any CPU.Build.0 = Debug|Any CPU
		{912DAF4B-686C-4BE1-ACA7-7C5559042772}.Release|Any CPU.ActiveCfg = Release|Any CPU
		{912DAF4B-686C-4BE1-ACA7-7C5559042772}.Release|Any CPU.Build.0 = Release|Any CPU
	EndGlobalSection
EndGlobal
