
Microsoft Visual Studio Solution File, Format Version 12.00
# Visual Studio Version 17
VisualStudioVersion = 17.2.32516.85
MinimumVisualStudioVersion = 10.0.40219.1
Project("{FAE04EC0-301F-11D3-BF4B-00C04F79EFBC}") = "Google.Cloud.Recommender.V1\Google.Cloud.Recommender.V1", "Google.Cloud.Recommender.V1\Google.Cloud.Recommender.V1.csproj", "{C2FDA557-C867-6AD4-7578-F4F6D3D5617A}"
EndProject
Project("{FAE04EC0-301F-11D3-BF4B-00C04F79EFBC}") = "Google.Cloud.Recommender.V1.Snippets\Google.Cloud.Recommender.V1.Snippets", "Google.Cloud.Recommender.V1.Snippets\Google.Cloud.Recommender.V1.Snippets.csproj", "{005C1C2E-2F54-CA8E-99F1-95014D95289B}"
EndProject
Project("{FAE04EC0-301F-11D3-BF4B-00C04F79EFBC}") = "Google.Cloud.Recommender.V1.GeneratedSnippets\Google.Cloud.Recommender.V1.GeneratedSnippets", "Google.Cloud.Recommender.V1.GeneratedSnippets\Google.Cloud.Recommender.V1.GeneratedSnippets.csproj", "{F82C9508-A687-93FC-D7DA-07B8E6906049}"
EndProject
Project("{FAE04EC0-301F-11D3-BF4B-00C04F79EFBC}") = "..\..\tools\Google.Cloud.ClientTesting\Google.Cloud.ClientTesting", "..\..\tools\Google.Cloud.ClientTesting\Google.Cloud.ClientTesting.csproj", "{D966BB1C-1B6F-1563-D7D9-4F5C5ACF8B95}"
EndProject
Global
    GlobalSection(SolutionConfigurationPlatforms) = preSolution
        Debug|Any CPU = Debug|Any CPU
        Release|Any CPU = Release|Any CPU
    EndGlobalSection
    GlobalSection(ProjectConfigurationPlatforms) = postSolution
        {C2FDA557-C867-6AD4-7578-F4F6D3D5617A}.Debug|Any CPU.ActiveCfg = Debug|Any CPU
        {C2FDA557-C867-6AD4-7578-F4F6D3D5617A}.Debug|Any CPU.Build.0 = Debug|Any CPU
        {C2FDA557-C867-6AD4-7578-F4F6D3D5617A}.Release|Any CPU.ActiveCfg = Release|Any CPU
        {C2FDA557-C867-6AD4-7578-F4F6D3D5617A}.Release|Any CPU.Build.0 = Release|Any CPU
        {005C1C2E-2F54-CA8E-99F1-95014D95289B}.Debug|Any CPU.ActiveCfg = Debug|Any CPU
        {005C1C2E-2F54-CA8E-99F1-95014D95289B}.Debug|Any CPU.Build.0 = Debug|Any CPU
        {005C1C2E-2F54-CA8E-99F1-95014D95289B}.Release|Any CPU.ActiveCfg = Release|Any CPU
        {005C1C2E-2F54-CA8E-99F1-95014D95289B}.Release|Any CPU.Build.0 = Release|Any CPU
        {F82C9508-A687-93FC-D7DA-07B8E6906049}.Debug|Any CPU.ActiveCfg = Debug|Any CPU
        {F82C9508-A687-93FC-D7DA-07B8E6906049}.Debug|Any CPU.Build.0 = Debug|Any CPU
        {F82C9508-A687-93FC-D7DA-07B8E6906049}.Release|Any CPU.ActiveCfg = Release|Any CPU
        {F82C9508-A687-93FC-D7DA-07B8E6906049}.Release|Any CPU.Build.0 = Release|Any CPU
        {D966BB1C-1B6F-1563-D7D9-4F5C5ACF8B95}.Debug|Any CPU.ActiveCfg = Debug|Any CPU
        {D966BB1C-1B6F-1563-D7D9-4F5C5ACF8B95}.Debug|Any CPU.Build.0 = Debug|Any CPU
        {D966BB1C-1B6F-1563-D7D9-4F5C5ACF8B95}.Release|Any CPU.ActiveCfg = Release|Any CPU
        {D966BB1C-1B6F-1563-D7D9-4F5C5ACF8B95}.Release|Any CPU.Build.0 = Release|Any CPU
    EndGlobalSection
EndGlobal
