
Microsoft Visual Studio Solution File, Format Version 12.00
# Visual Studio Version 17
VisualStudioVersion = 17.0.31903.59
MinimumVisualStudioVersion = 10.0.40219.1
Project("{FAE04EC0-301F-11D3-BF4B-00C04F79EFBC}") = "Google.Cloud.ResourceSettings.V1", "Google.Cloud.ResourceSettings.V1\Google.Cloud.ResourceSettings.V1.csproj", "{1386C1AF-9601-4CC6-9062-D6C536197C33}"
EndProject
Project("{FAE04EC0-301F-11D3-BF4B-00C04F79EFBC}") = "Google.Cloud.ResourceSettings.V1.GeneratedSnippets", "Google.Cloud.ResourceSettings.V1.GeneratedSnippets\Google.Cloud.ResourceSettings.V1.GeneratedSnippets.csproj", "{C8953157-6C7D-434B-BBF9-B14CED302C91}"
EndProject
Project("{FAE04EC0-301F-11D3-BF4B-00C04F79EFBC}") = "Google.Cloud.ClientTesting", "..\..\tools\Google.Cloud.ClientTesting\Google.Cloud.ClientTesting.csproj", "{A7B6FA65-C18F-421C-BBAE-4A833E1C3FF4}"
EndProject
Project("{FAE04EC0-301F-11D3-BF4B-00C04F79EFBC}") = "Google.Cloud.ResourceSettings.V1.Snippets", "Google.Cloud.ResourceSettings.V1.Snippets\Google.Cloud.ResourceSettings.V1.Snippets.csproj", "{34C6C5CF-C59C-40C1-AAF0-C2FE35BAE23D}"
EndProject
Global
	GlobalSection(SolutionConfigurationPlatforms) = preSolution
		Debug|Any CPU = Debug|Any CPU
		Release|Any CPU = Release|Any CPU
	EndGlobalSection
	GlobalSection(SolutionProperties) = preSolution
		HideSolutionNode = FALSE
	EndGlobalSection
	GlobalSection(ProjectConfigurationPlatforms) = postSolution
		{1386C1AF-9601-4CC6-9062-D6C536197C33}.Debug|Any CPU.ActiveCfg = Debug|Any CPU
		{1386C1AF-9601-4CC6-9062-D6C536197C33}.Debug|Any CPU.Build.0 = Debug|Any CPU
		{1386C1AF-9601-4CC6-9062-D6C536197C33}.Release|Any CPU.ActiveCfg = Release|Any CPU
		{1386C1AF-9601-4CC6-9062-D6C536197C33}.Release|Any CPU.Build.0 = Release|Any CPU
		{C8953157-6C7D-434B-BBF9-B14CED302C91}.Debug|Any CPU.ActiveCfg = Debug|Any CPU
		{C8953157-6C7D-434B-BBF9-B14CED302C91}.Debug|Any CPU.Build.0 = Debug|Any CPU
		{C8953157-6C7D-434B-BBF9-B14CED302C91}.Release|Any CPU.ActiveCfg = Release|Any CPU
		{C8953157-6C7D-434B-BBF9-B14CED302C91}.Release|Any CPU.Build.0 = Release|Any CPU
		{A7B6FA65-C18F-421C-BBAE-4A833E1C3FF4}.Debug|Any CPU.ActiveCfg = Debug|Any CPU
		{A7B6FA65-C18F-421C-BBAE-4A833E1C3FF4}.Debug|Any CPU.Build.0 = Debug|Any CPU
		{A7B6FA65-C18F-421C-BBAE-4A833E1C3FF4}.Release|Any CPU.ActiveCfg = Release|Any CPU
		{A7B6FA65-C18F-421C-BBAE-4A833E1C3FF4}.Release|Any CPU.Build.0 = Release|Any CPU
		{34C6C5CF-C59C-40C1-AAF0-C2FE35BAE23D}.Debug|Any CPU.ActiveCfg = Debug|Any CPU
		{34C6C5CF-C59C-40C1-AAF0-C2FE35BAE23D}.Debug|Any CPU.Build.0 = Debug|Any CPU
		{34C6C5CF-C59C-40C1-AAF0-C2FE35BAE23D}.Release|Any CPU.ActiveCfg = Release|Any CPU
		{34C6C5CF-C59C-40C1-AAF0-C2FE35BAE23D}.Release|Any CPU.Build.0 = Release|Any CPU
	EndGlobalSection
EndGlobal
