
Microsoft Visual Studio Solution File, Format Version 12.00
# Visual Studio Version 17
VisualStudioVersion = 17.2.32516.85
MinimumVisualStudioVersion = 10.0.40219.1
Project("{FAE04EC0-301F-11D3-BF4B-00C04F79EFBC}") = "Google.Backstory", "Google.Backstory\Google.Backstory.csproj", "{9326D076-6E5A-5490-BEAE-232DA3DE7B27}"
EndProject
Project("{FAE04EC0-301F-11D3-BF4B-00C04F79EFBC}") = "Google.Backstory.Snippets", "Google.Backstory.Snippets\Google.Backstory.Snippets.csproj", "{D958A289-E2A8-D406-2685-1039A3D48AF0}"
EndProject
Project("{FAE04EC0-301F-11D3-BF4B-00C04F79EFBC}") = "Google.Backstory.GeneratedSnippets", "Google.Backstory.GeneratedSnippets\Google.Backstory.GeneratedSnippets.csproj", "{DD739B86-A23E-BDEA-DCBE-A3199695A02F}"
EndProject
Project("{FAE04EC0-301F-11D3-BF4B-00C04F79EFBC}") = "Google.Cloud.ClientTesting", "..\..\tools\Google.Cloud.ClientTesting\Google.Cloud.ClientTesting.csproj", "{29974B0C-A7B0-8CA8-AE32-99F622C89044}"
EndProject
Global
	GlobalSection(SolutionConfigurationPlatforms) = preSolution
		Debug|Any CPU = Debug|Any CPU
		Release|Any CPU = Release|Any CPU
	EndGlobalSection
	GlobalSection(ProjectConfigurationPlatforms) = postSolution
		{9326D076-6E5A-5490-BEAE-232DA3DE7B27}.Debug|Any CPU.ActiveCfg = Debug|Any CPU
		{9326D076-6E5A-5490-BEAE-232DA3DE7B27}.Debug|Any CPU.Build.0 = Debug|Any CPU
		{9326D076-6E5A-5490-BEAE-232DA3DE7B27}.Release|Any CPU.ActiveCfg = Release|Any CPU
		{9326D076-6E5A-5490-BEAE-232DA3DE7B27}.Release|Any CPU.Build.0 = Release|Any CPU
		{D958A289-E2A8-D406-2685-1039A3D48AF0}.Debug|Any CPU.ActiveCfg = Debug|Any CPU
		{D958A289-E2A8-D406-2685-1039A3D48AF0}.Debug|Any CPU.Build.0 = Debug|Any CPU
		{D958A289-E2A8-D406-2685-1039A3D48AF0}.Release|Any CPU.ActiveCfg = Release|Any CPU
		{D958A289-E2A8-D406-2685-1039A3D48AF0}.Release|Any CPU.Build.0 = Release|Any CPU
		{DD739B86-A23E-BDEA-DCBE-A3199695A02F}.Debug|Any CPU.ActiveCfg = Debug|Any CPU
		{DD739B86-A23E-BDEA-DCBE-A3199695A02F}.Debug|Any CPU.Build.0 = Debug|Any CPU
		{DD739B86-A23E-BDEA-DCBE-A3199695A02F}.Release|Any CPU.ActiveCfg = Release|Any CPU
		{DD739B86-A23E-BDEA-DCBE-A3199695A02F}.Release|Any CPU.Build.0 = Release|Any CPU
		{29974B0C-A7B0-8CA8-AE32-99F622C89044}.Debug|Any CPU.ActiveCfg = Debug|Any CPU
		{29974B0C-A7B0-8CA8-AE32-99F622C89044}.Debug|Any CPU.Build.0 = Debug|Any CPU
		{29974B0C-A7B0-8CA8-AE32-99F622C89044}.Release|Any CPU.ActiveCfg = Release|Any CPU
		{29974B0C-A7B0-8CA8-AE32-99F622C89044}.Release|Any CPU.Build.0 = Release|Any CPU
	EndGlobalSection
	GlobalSection(SolutionProperties) = preSolution
		HideSolutionNode = FALSE
	EndGlobalSection
EndGlobal
