
Microsoft Visual Studio Solution File, Format Version 12.00
# Visual Studio Version 17
VisualStudioVersion = 17.2.32516.85
MinimumVisualStudioVersion = 10.0.40219.1
Project("{FAE04EC0-301F-11D3-BF4B-00C04F79EFBC}") = "Google.Analytics.Admin.V1Alpha", "Google.Analytics.Admin.V1Alpha\Google.Analytics.Admin.V1Alpha.csproj", "{6723FEDA-936B-502F-FB79-D5767FDD9351}"
EndProject
Project("{FAE04EC0-301F-11D3-BF4B-00C04F79EFBC}") = "Google.Analytics.Admin.V1Alpha.Snippets", "Google.Analytics.Admin.V1Alpha.Snippets\Google.Analytics.Admin.V1Alpha.Snippets.csproj", "{4A9CB252-BB11-83A3-790A-A816B050FC56}"
EndProject
Project("{FAE04EC0-301F-11D3-BF4B-00C04F79EFBC}") = "Google.Analytics.Admin.V1Alpha.GeneratedSnippets", "Google.Analytics.Admin.V1Alpha.GeneratedSnippets\Google.Analytics.Admin.V1Alpha.GeneratedSnippets.csproj", "{00B7DDD3-F620-BE16-3B8C-0122153BCC63}"
EndProject
Project("{FAE04EC0-301F-11D3-BF4B-00C04F79EFBC}") = "Google.Cloud.ClientTesting", "..\..\tools\Google.Cloud.ClientTesting\Google.Cloud.ClientTesting.csproj", "{29974B0C-A7B0-8CA8-AE32-99F622C89044}"
EndProject
Global
    GlobalSection(SolutionConfigurationPlatforms) = preSolution
        Debug|Any CPU = Debug|Any CPU
        Release|Any CPU = Release|Any CPU
    EndGlobalSection
    GlobalSection(ProjectConfigurationPlatforms) = postSolution
        {6723FEDA-936B-502F-FB79-D5767FDD9351}.Debug|Any CPU.ActiveCfg = Debug|Any CPU
        {6723FEDA-936B-502F-FB79-D5767FDD9351}.Debug|Any CPU.Build.0 = Debug|Any CPU
        {6723FEDA-936B-502F-FB79-D5767FDD9351}.Release|Any CPU.ActiveCfg = Release|Any CPU
        {6723FEDA-936B-502F-FB79-D5767FDD9351}.Release|Any CPU.Build.0 = Release|Any CPU
        {4A9CB252-BB11-83A3-790A-A816B050FC56}.Debug|Any CPU.ActiveCfg = Debug|Any CPU
        {4A9CB252-BB11-83A3-790A-A816B050FC56}.Debug|Any CPU.Build.0 = Debug|Any CPU
        {4A9CB252-BB11-83A3-790A-A816B050FC56}.Release|Any CPU.ActiveCfg = Release|Any CPU
        {4A9CB252-BB11-83A3-790A-A816B050FC56}.Release|Any CPU.Build.0 = Release|Any CPU
        {00B7DDD3-F620-BE16-3B8C-0122153BCC63}.Debug|Any CPU.ActiveCfg = Debug|Any CPU
        {00B7DDD3-F620-BE16-3B8C-0122153BCC63}.Debug|Any CPU.Build.0 = Debug|Any CPU
        {00B7DDD3-F620-BE16-3B8C-0122153BCC63}.Release|Any CPU.ActiveCfg = Release|Any CPU
        {00B7DDD3-F620-BE16-3B8C-0122153BCC63}.Release|Any CPU.Build.0 = Release|Any CPU
        {29974B0C-A7B0-8CA8-AE32-99F622C89044}.Debug|Any CPU.ActiveCfg = Debug|Any CPU
        {29974B0C-A7B0-8CA8-AE32-99F622C89044}.Debug|Any CPU.Build.0 = Debug|Any CPU
        {29974B0C-A7B0-8CA8-AE32-99F622C89044}.Release|Any CPU.ActiveCfg = Release|Any CPU
        {29974B0C-A7B0-8CA8-AE32-99F622C89044}.Release|Any CPU.Build.0 = Release|Any CPU
    EndGlobalSection
EndGlobal
