
Microsoft Visual Studio Solution File, Format Version 12.00
# Visual Studio Version 17
VisualStudioVersion = 17.0.31903.59
MinimumVisualStudioVersion = 10.0.40219.1
Project("{FAE04EC0-301F-11D3-BF4B-00C04F79EFBC}") = "Google.Cloud.EnterpriseKnowledgeGraph.V1", "Google.Cloud.EnterpriseKnowledgeGraph.V1\Google.Cloud.EnterpriseKnowledgeGraph.V1.csproj", "{D5AE7614-0927-4CD4-BDBD-365062364B65}"
EndProject
Project("{FAE04EC0-301F-11D3-BF4B-00C04F79EFBC}") = "Google.Cloud.EnterpriseKnowledgeGraph.V1.GeneratedSnippets", "Google.Cloud.EnterpriseKnowledgeGraph.V1.GeneratedSnippets\Google.Cloud.EnterpriseKnowledgeGraph.V1.GeneratedSnippets.csproj", "{70651225-9071-4DE0-A84F-AD591CCDD189}"
EndProject
Project("{FAE04EC0-301F-11D3-BF4B-00C04F79EFBC}") = "Google.Cloud.ClientTesting", "..\..\tools\Google.Cloud.ClientTesting\Google.Cloud.ClientTesting.csproj", "{0BB93DEA-39ED-43E1-A3C2-AFD2006813A8}"
EndProject
Project("{FAE04EC0-301F-11D3-BF4B-00C04F79EFBC}") = "Google.Cloud.EnterpriseKnowledgeGraph.V1.Snippets", "Google.Cloud.EnterpriseKnowledgeGraph.V1.Snippets\Google.Cloud.EnterpriseKnowledgeGraph.V1.Snippets.csproj", "{FFA761DA-5A82-4B3C-A2A6-DC9BB7F00E62}"
EndProject
Global
	GlobalSection(SolutionConfigurationPlatforms) = preSolution
		Debug|Any CPU = Debug|Any CPU
		Release|Any CPU = Release|Any CPU
	EndGlobalSection
	GlobalSection(SolutionProperties) = preSolution
		HideSolutionNode = FALSE
	EndGlobalSection
	GlobalSection(ProjectConfigurationPlatforms) = postSolution
		{D5AE7614-0927-4CD4-BDBD-365062364B65}.Debug|Any CPU.ActiveCfg = Debug|Any CPU
		{D5AE7614-0927-4CD4-BDBD-365062364B65}.Debug|Any CPU.Build.0 = Debug|Any CPU
		{D5AE7614-0927-4CD4-BDBD-365062364B65}.Release|Any CPU.ActiveCfg = Release|Any CPU
		{D5AE7614-0927-4CD4-BDBD-365062364B65}.Release|Any CPU.Build.0 = Release|Any CPU
		{70651225-9071-4DE0-A84F-AD591CCDD189}.Debug|Any CPU.ActiveCfg = Debug|Any CPU
		{70651225-9071-4DE0-A84F-AD591CCDD189}.Debug|Any CPU.Build.0 = Debug|Any CPU
		{70651225-9071-4DE0-A84F-AD591CCDD189}.Release|Any CPU.ActiveCfg = Release|Any CPU
		{70651225-9071-4DE0-A84F-AD591CCDD189}.Release|Any CPU.Build.0 = Release|Any CPU
		{0BB93DEA-39ED-43E1-A3C2-AFD2006813A8}.Debug|Any CPU.ActiveCfg = Debug|Any CPU
		{0BB93DEA-39ED-43E1-A3C2-AFD2006813A8}.Debug|Any CPU.Build.0 = Debug|Any CPU
		{0BB93DEA-39ED-43E1-A3C2-AFD2006813A8}.Release|Any CPU.ActiveCfg = Release|Any CPU
		{0BB93DEA-39ED-43E1-A3C2-AFD2006813A8}.Release|Any CPU.Build.0 = Release|Any CPU
		{FFA761DA-5A82-4B3C-A2A6-DC9BB7F00E62}.Debug|Any CPU.ActiveCfg = Debug|Any CPU
		{FFA761DA-5A82-4B3C-A2A6-DC9BB7F00E62}.Debug|Any CPU.Build.0 = Debug|Any CPU
		{FFA761DA-5A82-4B3C-A2A6-DC9BB7F00E62}.Release|Any CPU.ActiveCfg = Release|Any CPU
		{FFA761DA-5A82-4B3C-A2A6-DC9BB7F00E62}.Release|Any CPU.Build.0 = Release|Any CPU
	EndGlobalSection
EndGlobal
