
Microsoft Visual Studio Solution File, Format Version 12.00
# Visual Studio Version 17
VisualStudioVersion = 17.0.31903.59
MinimumVisualStudioVersion = 10.0.40219.1
Project("{FAE04EC0-301F-11D3-BF4B-00C04F79EFBC}") = "Google.Cloud.BigQuery.V2", "Google.Cloud.BigQuery.V2\Google.Cloud.BigQuery.V2.csproj", "{4C68A4B7-B6C2-4BAB-B1FB-AA625882890A}"
EndProject
Project("{FAE04EC0-301F-11D3-BF4B-00C04F79EFBC}") = "Google.Cloud.BigQuery.V2.Benchmarks", "Google.Cloud.BigQuery.V2.Benchmarks\Google.Cloud.BigQuery.V2.Benchmarks.csproj", "{2A63CF3A-DE6E-4533-8BD7-78B33FE2C765}"
EndProject
Project("{FAE04EC0-301F-11D3-BF4B-00C04F79EFBC}") = "Google.Cloud.BigQuery.V2.CleanTestData", "Google.Cloud.BigQuery.V2.CleanTestData\Google.Cloud.BigQuery.V2.CleanTestData.csproj", "{CAAACC55-D918-4AF4-BFAF-D8743DF36FE2}"
EndProject
Project("{FAE04EC0-301F-11D3-BF4B-00C04F79EFBC}") = "Google.Cloud.BigQuery.V2.GenerateOverloads", "Google.Cloud.BigQuery.V2.GenerateOverloads\Google.Cloud.BigQuery.V2.GenerateOverloads.csproj", "{F15B113E-807A-49DD-AE40-7DDDEC9F50B6}"
EndProject
Project("{FAE04EC0-301F-11D3-BF4B-00C04F79EFBC}") = "Google.Cloud.BigQuery.V2.IntegrationTests", "Google.Cloud.BigQuery.V2.IntegrationTests\Google.Cloud.BigQuery.V2.IntegrationTests.csproj", "{233E53B7-C3E0-4856-8EEC-08EDF149A903}"
EndProject
Project("{FAE04EC0-301F-11D3-BF4B-00C04F79EFBC}") = "Google.Cloud.ClientTesting", "..\..\tools\Google.Cloud.ClientTesting\Google.Cloud.ClientTesting.csproj", "{4C4897E3-B4BD-472F-AFDC-00861B2920A6}"
EndProject
Project("{FAE04EC0-301F-11D3-BF4B-00C04F79EFBC}") = "Google.Cloud.Storage.V1", "..\Google.Cloud.Storage.V1\Google.Cloud.Storage.V1\Google.Cloud.Storage.V1.csproj", "{1994659C-AB71-48FD-BE83-4068A2B030B7}"
EndProject
Project("{FAE04EC0-301F-11D3-BF4B-00C04F79EFBC}") = "Google.Cloud.BigQuery.V2.PerformanceTests", "Google.Cloud.BigQuery.V2.PerformanceTests\Google.Cloud.BigQuery.V2.PerformanceTests.csproj", "{226D331A-2932-40A8-972B-AA3CC437C29E}"
EndProject
Project("{FAE04EC0-301F-11D3-BF4B-00C04F79EFBC}") = "Google.Cloud.BigQuery.V2.Snippets", "Google.Cloud.BigQuery.V2.Snippets\Google.Cloud.BigQuery.V2.Snippets.csproj", "{193F61E8-CEEB-4DE0-8769-770848EC30F9}"
EndProject
Project("{FAE04EC0-301F-11D3-BF4B-00C04F79EFBC}") = "Google.Cloud.BigQuery.V2.Tests", "Google.Cloud.BigQuery.V2.Tests\Google.Cloud.BigQuery.V2.Tests.csproj", "{3E8C9C07-0A7D-4BDB-BC0A-73118B6E92C8}"
EndProject
Global
	GlobalSection(SolutionConfigurationPlatforms) = preSolution
		Debug|Any CPU = Debug|Any CPU
		Release|Any CPU = Release|Any CPU
	EndGlobalSection
	GlobalSection(SolutionProperties) = preSolution
		HideSolutionNode = FALSE
	EndGlobalSection
	GlobalSection(ProjectConfigurationPlatforms) = postSolution
		{4C68A4B7-B6C2-4BAB-B1FB-AA625882890A}.Debug|Any CPU.ActiveCfg = Debug|Any CPU
		{4C68A4B7-B6C2-4BAB-B1FB-AA625882890A}.Debug|Any CPU.Build.0 = Debug|Any CPU
		{4C68A4B7-B6C2-4BAB-B1FB-AA625882890A}.Release|Any CPU.ActiveCfg = Release|Any CPU
		{4C68A4B7-B6C2-4BAB-B1FB-AA625882890A}.Release|Any CPU.Build.0 = Release|Any CPU
		{2A63CF3A-DE6E-4533-8BD7-78B33FE2C765}.Debug|Any CPU.ActiveCfg = Debug|Any CPU
		{2A63CF3A-DE6E-4533-8BD7-78B33FE2C765}.Debug|Any CPU.Build.0 = Debug|Any CPU
		{2A63CF3A-DE6E-4533-8BD7-78B33FE2C765}.Release|Any CPU.ActiveCfg = Release|Any CPU
		{2A63CF3A-DE6E-4533-8BD7-78B33FE2C765}.Release|Any CPU.Build.0 = Release|Any CPU
		{CAAACC55-D918-4AF4-BFAF-D8743DF36FE2}.Debug|Any CPU.ActiveCfg = Debug|Any CPU
		{CAAACC55-D918-4AF4-BFAF-D8743DF36FE2}.Debug|Any CPU.Build.0 = Debug|Any CPU
		{CAAACC55-D918-4AF4-BFAF-D8743DF36FE2}.Release|Any CPU.ActiveCfg = Release|Any CPU
		{CAAACC55-D918-4AF4-BFAF-D8743DF36FE2}.Release|Any CPU.Build.0 = Release|Any CPU
		{F15B113E-807A-49DD-AE40-7DDDEC9F50B6}.Debug|Any CPU.ActiveCfg = Debug|Any CPU
		{F15B113E-807A-49DD-AE40-7DDDEC9F50B6}.Debug|Any CPU.Build.0 = Debug|Any CPU
		{F15B113E-807A-49DD-AE40-7DDDEC9F50B6}.Release|Any CPU.ActiveCfg = Release|Any CPU
		{F15B113E-807A-49DD-AE40-7DDDEC9F50B6}.Release|Any CPU.Build.0 = Release|Any CPU
		{233E53B7-C3E0-4856-8EEC-08EDF149A903}.Debug|Any CPU.ActiveCfg = Debug|Any CPU
		{233E53B7-C3E0-4856-8EEC-08EDF149A903}.Debug|Any CPU.Build.0 = Debug|Any CPU
		{233E53B7-C3E0-4856-8EEC-08EDF149A903}.Release|Any CPU.ActiveCfg = Release|Any CPU
		{233E53B7-C3E0-4856-8EEC-08EDF149A903}.Release|Any CPU.Build.0 = Release|Any CPU
		{4C4897E3-B4BD-472F-AFDC-00861B2920A6}.Debug|Any CPU.ActiveCfg = Debug|Any CPU
		{4C4897E3-B4BD-472F-AFDC-00861B2920A6}.Debug|Any CPU.Build.0 = Debug|Any CPU
		{4C4897E3-B4BD-472F-AFDC-00861B2920A6}.Release|Any CPU.ActiveCfg = Release|Any CPU
		{4C4897E3-B4BD-472F-AFDC-00861B2920A6}.Release|Any CPU.Build.0 = Release|Any CPU
		{1994659C-AB71-48FD-BE83-4068A2B030B7}.Debug|Any CPU.ActiveCfg = Debug|Any CPU
		{1994659C-AB71-48FD-BE83-4068A2B030B7}.Debug|Any CPU.Build.0 = Debug|Any CPU
		{1994659C-AB71-48FD-BE83-4068A2B030B7}.Release|Any CPU.ActiveCfg = Release|Any CPU
		{1994659C-AB71-48FD-BE83-4068A2B030B7}.Release|Any CPU.Build.0 = Release|Any CPU
		{226D331A-2932-40A8-972B-AA3CC437C29E}.Debug|Any CPU.ActiveCfg = Debug|Any CPU
		{226D331A-2932-40A8-972B-AA3CC437C29E}.Debug|Any CPU.Build.0 = Debug|Any CPU
		{226D331A-2932-40A8-972B-AA3CC437C29E}.Release|Any CPU.ActiveCfg = Release|Any CPU
		{226D331A-2932-40A8-972B-AA3CC437C29E}.Release|Any CPU.Build.0 = Release|Any CPU
		{193F61E8-CEEB-4DE0-8769-770848EC30F9}.Debug|Any CPU.ActiveCfg = Debug|Any CPU
		{193F61E8-CEEB-4DE0-8769-770848EC30F9}.Debug|Any CPU.Build.0 = Debug|Any CPU
		{193F61E8-CEEB-4DE0-8769-770848EC30F9}.Release|Any CPU.ActiveCfg = Release|Any CPU
		{193F61E8-CEEB-4DE0-8769-770848EC30F9}.Release|Any CPU.Build.0 = Release|Any CPU
		{3E8C9C07-0A7D-4BDB-BC0A-73118B6E92C8}.Debug|Any CPU.ActiveCfg = Debug|Any CPU
		{3E8C9C07-0A7D-4BDB-BC0A-73118B6E92C8}.Debug|Any CPU.Build.0 = Debug|Any CPU
		{3E8C9C07-0A7D-4BDB-BC0A-73118B6E92C8}.Release|Any CPU.ActiveCfg = Release|Any CPU
		{3E8C9C07-0A7D-4BDB-BC0A-73118B6E92C8}.Release|Any CPU.Build.0 = Release|Any CPU
	EndGlobalSection
EndGlobal
