
Microsoft Visual Studio Solution File, Format Version 12.00
# Visual Studio Version 17
VisualStudioVersion = 17.2.32516.85
MinimumVisualStudioVersion = 10.0.40219.1
Project("{FAE04EC0-301F-11D3-BF4B-00C04F79EFBC}") = "Google.Cloud.ModelArmor.V1Beta", "Google.Cloud.ModelArmor.V1Beta\Google.Cloud.ModelArmor.V1Beta.csproj", "{D22E57F9-3B6A-C5C0-A1DE-C71DA56B026D}"
EndProject
Project("{FAE04EC0-301F-11D3-BF4B-00C04F79EFBC}") = "Google.Cloud.ModelArmor.V1Beta.Snippets", "Google.Cloud.ModelArmor.V1Beta.Snippets\Google.Cloud.ModelArmor.V1Beta.Snippets.csproj", "{6D1DA27D-B9E2-C4B4-4668-31358ABDA8A0}"
EndProject
Project("{FAE04EC0-301F-11D3-BF4B-00C04F79EFBC}") = "Google.Cloud.ModelArmor.V1Beta.GeneratedSnippets", "Google.Cloud.ModelArmor.V1Beta.GeneratedSnippets\Google.Cloud.ModelArmor.V1Beta.GeneratedSnippets.csproj", "{A7A45E9C-3877-82E7-E913-05590E25C016}"
EndProject
Project("{FAE04EC0-301F-11D3-BF4B-00C04F79EFBC}") = "Google.Cloud.ClientTesting", "..\..\tools\Google.Cloud.ClientTesting\Google.Cloud.ClientTesting.csproj", "{29974B0C-A7B0-8CA8-AE32-99F622C89044}"
EndProject
Global
	GlobalSection(SolutionConfigurationPlatforms) = preSolution
		Debug|Any CPU = Debug|Any CPU
		Release|Any CPU = Release|Any CPU
	EndGlobalSection
	GlobalSection(ProjectConfigurationPlatforms) = postSolution
		{D22E57F9-3B6A-C5C0-A1DE-C71DA56B026D}.Debug|Any CPU.ActiveCfg = Debug|Any CPU
		{D22E57F9-3B6A-C5C0-A1DE-C71DA56B026D}.Debug|Any CPU.Build.0 = Debug|Any CPU
		{D22E57F9-3B6A-C5C0-A1DE-C71DA56B026D}.Release|Any CPU.ActiveCfg = Release|Any CPU
		{D22E57F9-3B6A-C5C0-A1DE-C71DA56B026D}.Release|Any CPU.Build.0 = Release|Any CPU
		{6D1DA27D-B9E2-C4B4-4668-31358ABDA8A0}.Debug|Any CPU.ActiveCfg = Debug|Any CPU
		{6D1DA27D-B9E2-C4B4-4668-31358ABDA8A0}.Debug|Any CPU.Build.0 = Debug|Any CPU
		{6D1DA27D-B9E2-C4B4-4668-31358ABDA8A0}.Release|Any CPU.ActiveCfg = Release|Any CPU
		{6D1DA27D-B9E2-C4B4-4668-31358ABDA8A0}.Release|Any CPU.Build.0 = Release|Any CPU
		{A7A45E9C-3877-82E7-E913-05590E25C016}.Debug|Any CPU.ActiveCfg = Debug|Any CPU
		{A7A45E9C-3877-82E7-E913-05590E25C016}.Debug|Any CPU.Build.0 = Debug|Any CPU
		{A7A45E9C-3877-82E7-E913-05590E25C016}.Release|Any CPU.ActiveCfg = Release|Any CPU
		{A7A45E9C-3877-82E7-E913-05590E25C016}.Release|Any CPU.Build.0 = Release|Any CPU
		{29974B0C-A7B0-8CA8-AE32-99F622C89044}.Debug|Any CPU.ActiveCfg = Debug|Any CPU
		{29974B0C-A7B0-8CA8-AE32-99F622C89044}.Debug|Any CPU.Build.0 = Debug|Any CPU
		{29974B0C-A7B0-8CA8-AE32-99F622C89044}.Release|Any CPU.ActiveCfg = Release|Any CPU
		{29974B0C-A7B0-8CA8-AE32-99F622C89044}.Release|Any CPU.Build.0 = Release|Any CPU
	EndGlobalSection
	GlobalSection(SolutionProperties) = preSolution
		HideSolutionNode = FALSE
	EndGlobalSection
EndGlobal
