
Microsoft Visual Studio Solution File, Format Version 12.00
# Visual Studio Version 17
VisualStudioVersion = 17.0.31903.59
MinimumVisualStudioVersion = 10.0.40219.1
Project("{FAE04EC0-301F-11D3-BF4B-00C04F79EFBC}") = "Google.Cloud.Firestore", "Google.Cloud.Firestore\Google.Cloud.Firestore.csproj", "{7349B325-5E82-40AE-B5B1-14EBE909F6A0}"
EndProject
Project("{FAE04EC0-301F-11D3-BF4B-00C04F79EFBC}") = "Google.Cloud.Firestore.V1", "..\Google.Cloud.Firestore.V1\Google.Cloud.Firestore.V1\Google.Cloud.Firestore.V1.csproj", "{53B1F52E-796F-4EA9-86E6-0F3F25498745}"
EndProject
Project("{FAE04EC0-301F-11D3-BF4B-00C04F79EFBC}") = "Google.Cloud.Firestore.Benchmarks", "Google.Cloud.Firestore.Benchmarks\Google.Cloud.Firestore.Benchmarks.csproj", "{D48D0A1F-5BEA-4151-9A59-381B8F9036E6}"
EndProject
Project("{FAE04EC0-301F-11D3-BF4B-00C04F79EFBC}") = "Google.Cloud.Firestore.CleanTestData", "Google.Cloud.Firestore.CleanTestData\Google.Cloud.Firestore.CleanTestData.csproj", "{4778EA6E-F7D6-4F38-B288-3F39C3D080AE}"
EndProject
Project("{FAE04EC0-301F-11D3-BF4B-00C04F79EFBC}") = "Google.Cloud.Firestore.IntegrationTests", "Google.Cloud.Firestore.IntegrationTests\Google.Cloud.Firestore.IntegrationTests.csproj", "{3C17BE52-F5D8-4601-81C6-D6A5F8ED9BA6}"
EndProject
Project("{FAE04EC0-301F-11D3-BF4B-00C04F79EFBC}") = "Google.Cloud.ClientTesting", "..\..\tools\Google.Cloud.ClientTesting\Google.Cloud.ClientTesting.csproj", "{FB1079D1-CB1A-44C2-A089-DAEAD84F9E36}"
EndProject
Project("{FAE04EC0-301F-11D3-BF4B-00C04F79EFBC}") = "Google.Cloud.Firestore.Snippets", "Google.Cloud.Firestore.Snippets\Google.Cloud.Firestore.Snippets.csproj", "{3C02F736-1CDB-45BA-94ED-F3469BAFBB61}"
EndProject
Project("{FAE04EC0-301F-11D3-BF4B-00C04F79EFBC}") = "Google.Cloud.Firestore.Tests", "Google.Cloud.Firestore.Tests\Google.Cloud.Firestore.Tests.csproj", "{A0C4D030-FF51-47E7-A5D3-CBA03E450980}"
EndProject
Global
	GlobalSection(SolutionConfigurationPlatforms) = preSolution
		Debug|Any CPU = Debug|Any CPU
		Release|Any CPU = Release|Any CPU
	EndGlobalSection
	GlobalSection(SolutionProperties) = preSolution
		HideSolutionNode = FALSE
	EndGlobalSection
	GlobalSection(ProjectConfigurationPlatforms) = postSolution
		{7349B325-5E82-40AE-B5B1-14EBE909F6A0}.Debug|Any CPU.ActiveCfg = Debug|Any CPU
		{7349B325-5E82-40AE-B5B1-14EBE909F6A0}.Debug|Any CPU.Build.0 = Debug|Any CPU
		{7349B325-5E82-40AE-B5B1-14EBE909F6A0}.Release|Any CPU.ActiveCfg = Release|Any CPU
		{7349B325-5E82-40AE-B5B1-14EBE909F6A0}.Release|Any CPU.Build.0 = Release|Any CPU
		{53B1F52E-796F-4EA9-86E6-0F3F25498745}.Debug|Any CPU.ActiveCfg = Debug|Any CPU
		{53B1F52E-796F-4EA9-86E6-0F3F25498745}.Debug|Any CPU.Build.0 = Debug|Any CPU
		{53B1F52E-796F-4EA9-86E6-0F3F25498745}.Release|Any CPU.ActiveCfg = Release|Any CPU
		{53B1F52E-796F-4EA9-86E6-0F3F25498745}.Release|Any CPU.Build.0 = Release|Any CPU
		{D48D0A1F-5BEA-4151-9A59-381B8F9036E6}.Debug|Any CPU.ActiveCfg = Debug|Any CPU
		{D48D0A1F-5BEA-4151-9A59-381B8F9036E6}.Debug|Any CPU.Build.0 = Debug|Any CPU
		{D48D0A1F-5BEA-4151-9A59-381B8F9036E6}.Release|Any CPU.ActiveCfg = Release|Any CPU
		{D48D0A1F-5BEA-4151-9A59-381B8F9036E6}.Release|Any CPU.Build.0 = Release|Any CPU
		{4778EA6E-F7D6-4F38-B288-3F39C3D080AE}.Debug|Any CPU.ActiveCfg = Debug|Any CPU
		{4778EA6E-F7D6-4F38-B288-3F39C3D080AE}.Debug|Any CPU.Build.0 = Debug|Any CPU
		{4778EA6E-F7D6-4F38-B288-3F39C3D080AE}.Release|Any CPU.ActiveCfg = Release|Any CPU
		{4778EA6E-F7D6-4F38-B288-3F39C3D080AE}.Release|Any CPU.Build.0 = Release|Any CPU
		{3C17BE52-F5D8-4601-81C6-D6A5F8ED9BA6}.Debug|Any CPU.ActiveCfg = Debug|Any CPU
		{3C17BE52-F5D8-4601-81C6-D6A5F8ED9BA6}.Debug|Any CPU.Build.0 = Debug|Any CPU
		{3C17BE52-F5D8-4601-81C6-D6A5F8ED9BA6}.Release|Any CPU.ActiveCfg = Release|Any CPU
		{3C17BE52-F5D8-4601-81C6-D6A5F8ED9BA6}.Release|Any CPU.Build.0 = Release|Any CPU
		{FB1079D1-CB1A-44C2-A089-DAEAD84F9E36}.Debug|Any CPU.ActiveCfg = Debug|Any CPU
		{FB1079D1-CB1A-44C2-A089-DAEAD84F9E36}.Debug|Any CPU.Build.0 = Debug|Any CPU
		{FB1079D1-CB1A-44C2-A089-DAEAD84F9E36}.Release|Any CPU.ActiveCfg = Release|Any CPU
		{FB1079D1-CB1A-44C2-A089-DAEAD84F9E36}.Release|Any CPU.Build.0 = Release|Any CPU
		{3C02F736-1CDB-45BA-94ED-F3469BAFBB61}.Debug|Any CPU.ActiveCfg = Debug|Any CPU
		{3C02F736-1CDB-45BA-94ED-F3469BAFBB61}.Debug|Any CPU.Build.0 = Debug|Any CPU
		{3C02F736-1CDB-45BA-94ED-F3469BAFBB61}.Release|Any CPU.ActiveCfg = Release|Any CPU
		{3C02F736-1CDB-45BA-94ED-F3469BAFBB61}.Release|Any CPU.Build.0 = Release|Any CPU
		{A0C4D030-FF51-47E7-A5D3-CBA03E450980}.Debug|Any CPU.ActiveCfg = Debug|Any CPU
		{A0C4D030-FF51-47E7-A5D3-CBA03E450980}.Debug|Any CPU.Build.0 = Debug|Any CPU
		{A0C4D030-FF51-47E7-A5D3-CBA03E450980}.Release|Any CPU.ActiveCfg = Release|Any CPU
		{A0C4D030-FF51-47E7-A5D3-CBA03E450980}.Release|Any CPU.Build.0 = Release|Any CPU
	EndGlobalSection
EndGlobal
