
Microsoft Visual Studio Solution File, Format Version 12.00
# Visual Studio Version 17
VisualStudioVersion = 17.0.31903.59
MinimumVisualStudioVersion = 10.0.40219.1
Project("{FAE04EC0-301F-11D3-BF4B-00C04F79EFBC}") = "Google.Cloud.Tasks.V2", "Google.Cloud.Tasks.V2\Google.Cloud.Tasks.V2.csproj", "{6407FCC8-9436-42B0-A16F-C34465BD21DA}"
EndProject
Project("{FAE04EC0-301F-11D3-BF4B-00C04F79EFBC}") = "Google.Cloud.Tasks.V2.GeneratedSnippets", "Google.Cloud.Tasks.V2.GeneratedSnippets\Google.Cloud.Tasks.V2.GeneratedSnippets.csproj", "{F889BDB5-00A1-42A4-9D53-0031C2FCEAF2}"
EndProject
Project("{FAE04EC0-301F-11D3-BF4B-00C04F79EFBC}") = "Google.Cloud.ClientTesting", "..\..\tools\Google.Cloud.ClientTesting\Google.Cloud.ClientTesting.csproj", "{3639EEDF-8EAD-4D8D-B0C3-86879A802357}"
EndProject
Project("{FAE04EC0-301F-11D3-BF4B-00C04F79EFBC}") = "Google.Cloud.Tasks.V2.SmokeTests", "Google.Cloud.Tasks.V2.SmokeTests\Google.Cloud.Tasks.V2.SmokeTests.csproj", "{8A531300-EE3C-4348-BC41-87B1481255BE}"
EndProject
Project("{FAE04EC0-301F-11D3-BF4B-00C04F79EFBC}") = "Google.Cloud.Tasks.V2.Snippets", "Google.Cloud.Tasks.V2.Snippets\Google.Cloud.Tasks.V2.Snippets.csproj", "{5C01A733-846B-4D4A-927E-79DF79CEDA87}"
EndProject
Global
	GlobalSection(SolutionConfigurationPlatforms) = preSolution
		Debug|Any CPU = Debug|Any CPU
		Release|Any CPU = Release|Any CPU
	EndGlobalSection
	GlobalSection(SolutionProperties) = preSolution
		HideSolutionNode = FALSE
	EndGlobalSection
	GlobalSection(ProjectConfigurationPlatforms) = postSolution
		{6407FCC8-9436-42B0-A16F-C34465BD21DA}.Debug|Any CPU.ActiveCfg = Debug|Any CPU
		{6407FCC8-9436-42B0-A16F-C34465BD21DA}.Debug|Any CPU.Build.0 = Debug|Any CPU
		{6407FCC8-9436-42B0-A16F-C34465BD21DA}.Release|Any CPU.ActiveCfg = Release|Any CPU
		{6407FCC8-9436-42B0-A16F-C34465BD21DA}.Release|Any CPU.Build.0 = Release|Any CPU
		{F889BDB5-00A1-42A4-9D53-0031C2FCEAF2}.Debug|Any CPU.ActiveCfg = Debug|Any CPU
		{F889BDB5-00A1-42A4-9D53-0031C2FCEAF2}.Debug|Any CPU.Build.0 = Debug|Any CPU
		{F889BDB5-00A1-42A4-9D53-0031C2FCEAF2}.Release|Any CPU.ActiveCfg = Release|Any CPU
		{F889BDB5-00A1-42A4-9D53-0031C2FCEAF2}.Release|Any CPU.Build.0 = Release|Any CPU
		{3639EEDF-8EAD-4D8D-B0C3-86879A802357}.Debug|Any CPU.ActiveCfg = Debug|Any CPU
		{3639EEDF-8EAD-4D8D-B0C3-86879A802357}.Debug|Any CPU.Build.0 = Debug|Any CPU
		{3639EEDF-8EAD-4D8D-B0C3-86879A802357}.Release|Any CPU.ActiveCfg = Release|Any CPU
		{3639EEDF-8EAD-4D8D-B0C3-86879A802357}.Release|Any CPU.Build.0 = Release|Any CPU
		{8A531300-EE3C-4348-BC41-87B1481255BE}.Debug|Any CPU.ActiveCfg = Debug|Any CPU
		{8A531300-EE3C-4348-BC41-87B1481255BE}.Debug|Any CPU.Build.0 = Debug|Any CPU
		{8A531300-EE3C-4348-BC41-87B1481255BE}.Release|Any CPU.ActiveCfg = Release|Any CPU
		{8A531300-EE3C-4348-BC41-87B1481255BE}.Release|Any CPU.Build.0 = Release|Any CPU
		{5C01A733-846B-4D4A-927E-79DF79CEDA87}.Debug|Any CPU.ActiveCfg = Debug|Any CPU
		{5C01A733-846B-4D4A-927E-79DF79CEDA87}.Debug|Any CPU.Build.0 = Debug|Any CPU
		{5C01A733-846B-4D4A-927E-79DF79CEDA87}.Release|Any CPU.ActiveCfg = Release|Any CPU
		{5C01A733-846B-4D4A-927E-79DF79CEDA87}.Release|Any CPU.Build.0 = Release|Any CPU
	EndGlobalSection
EndGlobal
