
Microsoft Visual Studio Solution File, Format Version 12.00
# Visual Studio Version 17
VisualStudioVersion = 17.2.32516.85
MinimumVisualStudioVersion = 10.0.40219.1
Project("{FAE04EC0-301F-11D3-BF4B-00C04F79EFBC}") = "Google.Cloud.GkeHub.V1\Google.Cloud.GkeHub.V1", "Google.Cloud.GkeHub.V1\Google.Cloud.GkeHub.V1.csproj", "{AA3E393C-8E9C-3B9F-107B-A2A3FD25FA17}"
EndProject
Project("{FAE04EC0-301F-11D3-BF4B-00C04F79EFBC}") = "Google.Cloud.GkeHub.V1.Snippets\Google.Cloud.GkeHub.V1.Snippets", "Google.Cloud.GkeHub.V1.Snippets\Google.Cloud.GkeHub.V1.Snippets.csproj", "{F91C4506-9C10-2EDE-8AAD-0A933E97B544}"
EndProject
Project("{FAE04EC0-301F-11D3-BF4B-00C04F79EFBC}") = "Google.Cloud.GkeHub.V1.GeneratedSnippets\Google.Cloud.GkeHub.V1.GeneratedSnippets", "Google.Cloud.GkeHub.V1.GeneratedSnippets\Google.Cloud.GkeHub.V1.GeneratedSnippets.csproj", "{BEDEAE55-5831-34B5-A02C-A753F5B9CB79}"
EndProject
Project("{FAE04EC0-301F-11D3-BF4B-00C04F79EFBC}") = "..\..\tools\Google.Cloud.ClientTesting\Google.Cloud.ClientTesting", "..\..\tools\Google.Cloud.ClientTesting\Google.Cloud.ClientTesting.csproj", "{D966BB1C-1B6F-1563-D7D9-4F5C5ACF8B95}"
EndProject
Global
    GlobalSection(SolutionConfigurationPlatforms) = preSolution
        Debug|Any CPU = Debug|Any CPU
        Release|Any CPU = Release|Any CPU
    EndGlobalSection
    GlobalSection(ProjectConfigurationPlatforms) = postSolution
        {AA3E393C-8E9C-3B9F-107B-A2A3FD25FA17}.Debug|Any CPU.ActiveCfg = Debug|Any CPU
        {AA3E393C-8E9C-3B9F-107B-A2A3FD25FA17}.Debug|Any CPU.Build.0 = Debug|Any CPU
        {AA3E393C-8E9C-3B9F-107B-A2A3FD25FA17}.Release|Any CPU.ActiveCfg = Release|Any CPU
        {AA3E393C-8E9C-3B9F-107B-A2A3FD25FA17}.Release|Any CPU.Build.0 = Release|Any CPU
        {F91C4506-9C10-2EDE-8AAD-0A933E97B544}.Debug|Any CPU.ActiveCfg = Debug|Any CPU
        {F91C4506-9C10-2EDE-8AAD-0A933E97B544}.Debug|Any CPU.Build.0 = Debug|Any CPU
        {F91C4506-9C10-2EDE-8AAD-0A933E97B544}.Release|Any CPU.ActiveCfg = Release|Any CPU
        {F91C4506-9C10-2EDE-8AAD-0A933E97B544}.Release|Any CPU.Build.0 = Release|Any CPU
        {BEDEAE55-5831-34B5-A02C-A753F5B9CB79}.Debug|Any CPU.ActiveCfg = Debug|Any CPU
        {BEDEAE55-5831-34B5-A02C-A753F5B9CB79}.Debug|Any CPU.Build.0 = Debug|Any CPU
        {BEDEAE55-5831-34B5-A02C-A753F5B9CB79}.Release|Any CPU.ActiveCfg = Release|Any CPU
        {BEDEAE55-5831-34B5-A02C-A753F5B9CB79}.Release|Any CPU.Build.0 = Release|Any CPU
        {D966BB1C-1B6F-1563-D7D9-4F5C5ACF8B95}.Debug|Any CPU.ActiveCfg = Debug|Any CPU
        {D966BB1C-1B6F-1563-D7D9-4F5C5ACF8B95}.Debug|Any CPU.Build.0 = Debug|Any CPU
        {D966BB1C-1B6F-1563-D7D9-4F5C5ACF8B95}.Release|Any CPU.ActiveCfg = Release|Any CPU
        {D966BB1C-1B6F-1563-D7D9-4F5C5ACF8B95}.Release|Any CPU.Build.0 = Release|Any CPU
    EndGlobalSection
EndGlobal
