
Microsoft Visual Studio Solution File, Format Version 12.00
# Visual Studio Version 17
VisualStudioVersion = 17.2.32516.85
MinimumVisualStudioVersion = 10.0.40219.1
Project("{FAE04EC0-301F-11D3-BF4B-00C04F79EFBC}") = "Google.Cloud.EssentialContacts.V1\Google.Cloud.EssentialContacts.V1", "Google.Cloud.EssentialContacts.V1\Google.Cloud.EssentialContacts.V1.csproj", "{AA9E4385-0CD0-2243-13C2-9F9D1F48072A}"
EndProject
Project("{FAE04EC0-301F-11D3-BF4B-00C04F79EFBC}") = "Google.Cloud.EssentialContacts.V1.Snippets\Google.Cloud.EssentialContacts.V1.Snippets", "Google.Cloud.EssentialContacts.V1.Snippets\Google.Cloud.EssentialContacts.V1.Snippets.csproj", "{9222E4EA-13CA-CEB5-BF00-2F83975A8061}"
EndProject
Project("{FAE04EC0-301F-11D3-BF4B-00C04F79EFBC}") = "Google.Cloud.EssentialContacts.V1.GeneratedSnippets\Google.Cloud.EssentialContacts.V1.GeneratedSnippets", "Google.Cloud.EssentialContacts.V1.GeneratedSnippets\Google.Cloud.EssentialContacts.V1.GeneratedSnippets.csproj", "{532F3F52-CE84-705A-154F-8566D0A967FD}"
EndProject
Project("{FAE04EC0-301F-11D3-BF4B-00C04F79EFBC}") = "..\..\tools\Google.Cloud.ClientTesting\Google.Cloud.ClientTesting", "..\..\tools\Google.Cloud.ClientTesting\Google.Cloud.ClientTesting.csproj", "{D966BB1C-1B6F-1563-D7D9-4F5C5ACF8B95}"
EndProject
Global
    GlobalSection(SolutionConfigurationPlatforms) = preSolution
        Debug|Any CPU = Debug|Any CPU
        Release|Any CPU = Release|Any CPU
    EndGlobalSection
    GlobalSection(ProjectConfigurationPlatforms) = postSolution
        {AA9E4385-0CD0-2243-13C2-9F9D1F48072A}.Debug|Any CPU.ActiveCfg = Debug|Any CPU
        {AA9E4385-0CD0-2243-13C2-9F9D1F48072A}.Debug|Any CPU.Build.0 = Debug|Any CPU
        {AA9E4385-0CD0-2243-13C2-9F9D1F48072A}.Release|Any CPU.ActiveCfg = Release|Any CPU
        {AA9E4385-0CD0-2243-13C2-9F9D1F48072A}.Release|Any CPU.Build.0 = Release|Any CPU
        {9222E4EA-13CA-CEB5-BF00-2F83975A8061}.Debug|Any CPU.ActiveCfg = Debug|Any CPU
        {9222E4EA-13CA-CEB5-BF00-2F83975A8061}.Debug|Any CPU.Build.0 = Debug|Any CPU
        {9222E4EA-13CA-CEB5-BF00-2F83975A8061}.Release|Any CPU.ActiveCfg = Release|Any CPU
        {9222E4EA-13CA-CEB5-BF00-2F83975A8061}.Release|Any CPU.Build.0 = Release|Any CPU
        {532F3F52-CE84-705A-154F-8566D0A967FD}.Debug|Any CPU.ActiveCfg = Debug|Any CPU
        {532F3F52-CE84-705A-154F-8566D0A967FD}.Debug|Any CPU.Build.0 = Debug|Any CPU
        {532F3F52-CE84-705A-154F-8566D0A967FD}.Release|Any CPU.ActiveCfg = Release|Any CPU
        {532F3F52-CE84-705A-154F-8566D0A967FD}.Release|Any CPU.Build.0 = Release|Any CPU
        {D966BB1C-1B6F-1563-D7D9-4F5C5ACF8B95}.Debug|Any CPU.ActiveCfg = Debug|Any CPU
        {D966BB1C-1B6F-1563-D7D9-4F5C5ACF8B95}.Debug|Any CPU.Build.0 = Debug|Any CPU
        {D966BB1C-1B6F-1563-D7D9-4F5C5ACF8B95}.Release|Any CPU.ActiveCfg = Release|Any CPU
        {D966BB1C-1B6F-1563-D7D9-4F5C5ACF8B95}.Release|Any CPU.Build.0 = Release|Any CPU
    EndGlobalSection
EndGlobal
