
Microsoft Visual Studio Solution File, Format Version 12.00
# Visual Studio 15
VisualStudioVersion = 15.0.26124.0
MinimumVisualStudioVersion = 15.0.26124.0
Project("{FAE04EC0-301F-11D3-BF4B-00C04F79EFBC}") = "Google.Cloud.VpcAccess.V1", "Google.Cloud.VpcAccess.V1\Google.Cloud.VpcAccess.V1.csproj", "{DC01EE9E-9394-4F27-ABD6-940D2A9B6ED0}"
EndProject
Project("{FAE04EC0-301F-11D3-BF4B-00C04F79EFBC}") = "Google.Cloud.VpcAccess.V1.Snippets", "Google.Cloud.VpcAccess.V1.Snippets\Google.Cloud.VpcAccess.V1.Snippets.csproj", "{34C33558-8FEC-403D-BD72-CCD9336FFD68}"
EndProject
Project("{FAE04EC0-301F-11D3-BF4B-00C04F79EFBC}") = "Google.Cloud.ClientTesting", "..\..\tools\Google.Cloud.ClientTesting\Google.Cloud.ClientTesting.csproj", "{C86EBFD0-3E74-4C20-9506-E4DCC84FABD3}"
EndProject
Project("{FAE04EC0-301F-11D3-BF4B-00C04F79EFBC}") = "Google.Cloud.VpcAccess.V1.Tests", "Google.Cloud.VpcAccess.V1.Tests\Google.Cloud.VpcAccess.V1.Tests.csproj", "{4A620CD5-9259-4699-9D98-D537983F79D3}"
EndProject
Global
	GlobalSection(SolutionConfigurationPlatforms) = preSolution
		Debug|Any CPU = Debug|Any CPU
		Debug|x64 = Debug|x64
		Debug|x86 = Debug|x86
		Release|Any CPU = Release|Any CPU
		Release|x64 = Release|x64
		Release|x86 = Release|x86
	EndGlobalSection
	GlobalSection(SolutionProperties) = preSolution
		HideSolutionNode = FALSE
	EndGlobalSection
	GlobalSection(ProjectConfigurationPlatforms) = postSolution
		{DC01EE9E-9394-4F27-ABD6-940D2A9B6ED0}.Debug|Any CPU.ActiveCfg = Debug|Any CPU
		{DC01EE9E-9394-4F27-ABD6-940D2A9B6ED0}.Debug|Any CPU.Build.0 = Debug|Any CPU
		{DC01EE9E-9394-4F27-ABD6-940D2A9B6ED0}.Debug|x64.ActiveCfg = Debug|Any CPU
		{DC01EE9E-9394-4F27-ABD6-940D2A9B6ED0}.Debug|x64.Build.0 = Debug|Any CPU
		{DC01EE9E-9394-4F27-ABD6-940D2A9B6ED0}.Debug|x86.ActiveCfg = Debug|Any CPU
		{DC01EE9E-9394-4F27-ABD6-940D2A9B6ED0}.Debug|x86.Build.0 = Debug|Any CPU
		{DC01EE9E-9394-4F27-ABD6-940D2A9B6ED0}.Release|Any CPU.ActiveCfg = Release|Any CPU
		{DC01EE9E-9394-4F27-ABD6-940D2A9B6ED0}.Release|Any CPU.Build.0 = Release|Any CPU
		{DC01EE9E-9394-4F27-ABD6-940D2A9B6ED0}.Release|x64.ActiveCfg = Release|Any CPU
		{DC01EE9E-9394-4F27-ABD6-940D2A9B6ED0}.Release|x64.Build.0 = Release|Any CPU
		{DC01EE9E-9394-4F27-ABD6-940D2A9B6ED0}.Release|x86.ActiveCfg = Release|Any CPU
		{DC01EE9E-9394-4F27-ABD6-940D2A9B6ED0}.Release|x86.Build.0 = Release|Any CPU
		{34C33558-8FEC-403D-BD72-CCD9336FFD68}.Debug|Any CPU.ActiveCfg = Debug|Any CPU
		{34C33558-8FEC-403D-BD72-CCD9336FFD68}.Debug|Any CPU.Build.0 = Debug|Any CPU
		{34C33558-8FEC-403D-BD72-CCD9336FFD68}.Debug|x64.ActiveCfg = Debug|Any CPU
		{34C33558-8FEC-403D-BD72-CCD9336FFD68}.Debug|x64.Build.0 = Debug|Any CPU
		{34C33558-8FEC-403D-BD72-CCD9336FFD68}.Debug|x86.ActiveCfg = Debug|Any CPU
		{34C33558-8FEC-403D-BD72-CCD9336FFD68}.Debug|x86.Build.0 = Debug|Any CPU
		{34C33558-8FEC-403D-BD72-CCD9336FFD68}.Release|Any CPU.ActiveCfg = Release|Any CPU
		{34C33558-8FEC-403D-BD72-CCD9336FFD68}.Release|Any CPU.Build.0 = Release|Any CPU
		{34C33558-8FEC-403D-BD72-CCD9336FFD68}.Release|x64.ActiveCfg = Release|Any CPU
		{34C33558-8FEC-403D-BD72-CCD9336FFD68}.Release|x64.Build.0 = Release|Any CPU
		{34C33558-8FEC-403D-BD72-CCD9336FFD68}.Release|x86.ActiveCfg = Release|Any CPU
		{34C33558-8FEC-403D-BD72-CCD9336FFD68}.Release|x86.Build.0 = Release|Any CPU
		{C86EBFD0-3E74-4C20-9506-E4DCC84FABD3}.Debug|Any CPU.ActiveCfg = Debug|Any CPU
		{C86EBFD0-3E74-4C20-9506-E4DCC84FABD3}.Debug|Any CPU.Build.0 = Debug|Any CPU
		{C86EBFD0-3E74-4C20-9506-E4DCC84FABD3}.Debug|x64.ActiveCfg = Debug|Any CPU
		{C86EBFD0-3E74-4C20-9506-E4DCC84FABD3}.Debug|x64.Build.0 = Debug|Any CPU
		{C86EBFD0-3E74-4C20-9506-E4DCC84FABD3}.Debug|x86.ActiveCfg = Debug|Any CPU
		{C86EBFD0-3E74-4C20-9506-E4DCC84FABD3}.Debug|x86.Build.0 = Debug|Any CPU
		{C86EBFD0-3E74-4C20-9506-E4DCC84FABD3}.Release|Any CPU.ActiveCfg = Release|Any CPU
		{C86EBFD0-3E74-4C20-9506-E4DCC84FABD3}.Release|Any CPU.Build.0 = Release|Any CPU
		{C86EBFD0-3E74-4C20-9506-E4DCC84FABD3}.Release|x64.ActiveCfg = Release|Any CPU
		{C86EBFD0-3E74-4C20-9506-E4DCC84FABD3}.Release|x64.Build.0 = Release|Any CPU
		{C86EBFD0-3E74-4C20-9506-E4DCC84FABD3}.Release|x86.ActiveCfg = Release|Any CPU
		{C86EBFD0-3E74-4C20-9506-E4DCC84FABD3}.Release|x86.Build.0 = Release|Any CPU
		{4A620CD5-9259-4699-9D98-D537983F79D3}.Debug|Any CPU.ActiveCfg = Debug|Any CPU
		{4A620CD5-9259-4699-9D98-D537983F79D3}.Debug|Any CPU.Build.0 = Debug|Any CPU
		{4A620CD5-9259-4699-9D98-D537983F79D3}.Debug|x64.ActiveCfg = Debug|Any CPU
		{4A620CD5-9259-4699-9D98-D537983F79D3}.Debug|x64.Build.0 = Debug|Any CPU
		{4A620CD5-9259-4699-9D98-D537983F79D3}.Debug|x86.ActiveCfg = Debug|Any CPU
		{4A620CD5-9259-4699-9D98-D537983F79D3}.Debug|x86.Build.0 = Debug|Any CPU
		{4A620CD5-9259-4699-9D98-D537983F79D3}.Release|Any CPU.ActiveCfg = Release|Any CPU
		{4A620CD5-9259-4699-9D98-D537983F79D3}.Release|Any CPU.Build.0 = Release|Any CPU
		{4A620CD5-9259-4699-9D98-D537983F79D3}.Release|x64.ActiveCfg = Release|Any CPU
		{4A620CD5-9259-4699-9D98-D537983F79D3}.Release|x64.Build.0 = Release|Any CPU
		{4A620CD5-9259-4699-9D98-D537983F79D3}.Release|x86.ActiveCfg = Release|Any CPU
		{4A620CD5-9259-4699-9D98-D537983F79D3}.Release|x86.Build.0 = Release|Any CPU
	EndGlobalSection
EndGlobal
