
Microsoft Visual Studio Solution File, Format Version 12.00
# Visual Studio 15
VisualStudioVersion = 15.0.26124.0
MinimumVisualStudioVersion = 15.0.26124.0
Project("{FAE04EC0-301F-11D3-BF4B-00C04F79EFBC}") = "Google.Cloud.Secrets.V1Beta1", "Google.Cloud.Secrets.V1Beta1\Google.Cloud.Secrets.V1Beta1.csproj", "{7558CD96-788D-4D1C-B30D-7A6988041D98}"
EndProject
Project("{FAE04EC0-301F-11D3-BF4B-00C04F79EFBC}") = "Google.Cloud.Secrets.V1Beta1.Snippets", "Google.Cloud.Secrets.V1Beta1.Snippets\Google.Cloud.Secrets.V1Beta1.Snippets.csproj", "{A3691DA9-EEA2-4612-9DDB-029DC588377C}"
EndProject
Project("{FAE04EC0-301F-11D3-BF4B-00C04F79EFBC}") = "Google.Cloud.ClientTesting", "..\..\tools\Google.Cloud.ClientTesting\Google.Cloud.ClientTesting.csproj", "{BB7B7739-080F-4564-B105-D32DD1CDCDA7}"
EndProject
Project("{FAE04EC0-301F-11D3-BF4B-00C04F79EFBC}") = "Google.Cloud.Secrets.V1Beta1.Tests", "Google.Cloud.Secrets.V1Beta1.Tests\Google.Cloud.Secrets.V1Beta1.Tests.csproj", "{7A05C716-4E11-4943-B47A-66F06B9D5455}"
EndProject
Project("{FAE04EC0-301F-11D3-BF4B-00C04F79EFBC}") = "Google.Cloud.Iam.V1", "..\Google.Cloud.Iam.V1\Google.Cloud.Iam.V1\Google.Cloud.Iam.V1.csproj", "{0C294241-2324-4B49-8CE3-F4343A5127B8}"
EndProject
Global
	GlobalSection(SolutionConfigurationPlatforms) = preSolution
		Debug|Any CPU = Debug|Any CPU
		Debug|x64 = Debug|x64
		Debug|x86 = Debug|x86
		Release|Any CPU = Release|Any CPU
		Release|x64 = Release|x64
		Release|x86 = Release|x86
	EndGlobalSection
	GlobalSection(SolutionProperties) = preSolution
		HideSolutionNode = FALSE
	EndGlobalSection
	GlobalSection(ProjectConfigurationPlatforms) = postSolution
		{7558CD96-788D-4D1C-B30D-7A6988041D98}.Debug|Any CPU.ActiveCfg = Debug|Any CPU
		{7558CD96-788D-4D1C-B30D-7A6988041D98}.Debug|Any CPU.Build.0 = Debug|Any CPU
		{7558CD96-788D-4D1C-B30D-7A6988041D98}.Debug|x64.ActiveCfg = Debug|Any CPU
		{7558CD96-788D-4D1C-B30D-7A6988041D98}.Debug|x64.Build.0 = Debug|Any CPU
		{7558CD96-788D-4D1C-B30D-7A6988041D98}.Debug|x86.ActiveCfg = Debug|Any CPU
		{7558CD96-788D-4D1C-B30D-7A6988041D98}.Debug|x86.Build.0 = Debug|Any CPU
		{7558CD96-788D-4D1C-B30D-7A6988041D98}.Release|Any CPU.ActiveCfg = Release|Any CPU
		{7558CD96-788D-4D1C-B30D-7A6988041D98}.Release|Any CPU.Build.0 = Release|Any CPU
		{7558CD96-788D-4D1C-B30D-7A6988041D98}.Release|x64.ActiveCfg = Release|Any CPU
		{7558CD96-788D-4D1C-B30D-7A6988041D98}.Release|x64.Build.0 = Release|Any CPU
		{7558CD96-788D-4D1C-B30D-7A6988041D98}.Release|x86.ActiveCfg = Release|Any CPU
		{7558CD96-788D-4D1C-B30D-7A6988041D98}.Release|x86.Build.0 = Release|Any CPU
		{A3691DA9-EEA2-4612-9DDB-029DC588377C}.Debug|Any CPU.ActiveCfg = Debug|Any CPU
		{A3691DA9-EEA2-4612-9DDB-029DC588377C}.Debug|Any CPU.Build.0 = Debug|Any CPU
		{A3691DA9-EEA2-4612-9DDB-029DC588377C}.Debug|x64.ActiveCfg = Debug|Any CPU
		{A3691DA9-EEA2-4612-9DDB-029DC588377C}.Debug|x64.Build.0 = Debug|Any CPU
		{A3691DA9-EEA2-4612-9DDB-029DC588377C}.Debug|x86.ActiveCfg = Debug|Any CPU
		{A3691DA9-EEA2-4612-9DDB-029DC588377C}.Debug|x86.Build.0 = Debug|Any CPU
		{A3691DA9-EEA2-4612-9DDB-029DC588377C}.Release|Any CPU.ActiveCfg = Release|Any CPU
		{A3691DA9-EEA2-4612-9DDB-029DC588377C}.Release|Any CPU.Build.0 = Release|Any CPU
		{A3691DA9-EEA2-4612-9DDB-029DC588377C}.Release|x64.ActiveCfg = Release|Any CPU
		{A3691DA9-EEA2-4612-9DDB-029DC588377C}.Release|x64.Build.0 = Release|Any CPU
		{A3691DA9-EEA2-4612-9DDB-029DC588377C}.Release|x86.ActiveCfg = Release|Any CPU
		{A3691DA9-EEA2-4612-9DDB-029DC588377C}.Release|x86.Build.0 = Release|Any CPU
		{BB7B7739-080F-4564-B105-D32DD1CDCDA7}.Debug|Any CPU.ActiveCfg = Debug|Any CPU
		{BB7B7739-080F-4564-B105-D32DD1CDCDA7}.Debug|Any CPU.Build.0 = Debug|Any CPU
		{BB7B7739-080F-4564-B105-D32DD1CDCDA7}.Debug|x64.ActiveCfg = Debug|Any CPU
		{BB7B7739-080F-4564-B105-D32DD1CDCDA7}.Debug|x64.Build.0 = Debug|Any CPU
		{BB7B7739-080F-4564-B105-D32DD1CDCDA7}.Debug|x86.ActiveCfg = Debug|Any CPU
		{BB7B7739-080F-4564-B105-D32DD1CDCDA7}.Debug|x86.Build.0 = Debug|Any CPU
		{BB7B7739-080F-4564-B105-D32DD1CDCDA7}.Release|Any CPU.ActiveCfg = Release|Any CPU
		{BB7B7739-080F-4564-B105-D32DD1CDCDA7}.Release|Any CPU.Build.0 = Release|Any CPU
		{BB7B7739-080F-4564-B105-D32DD1CDCDA7}.Release|x64.ActiveCfg = Release|Any CPU
		{BB7B7739-080F-4564-B105-D32DD1CDCDA7}.Release|x64.Build.0 = Release|Any CPU
		{BB7B7739-080F-4564-B105-D32DD1CDCDA7}.Release|x86.ActiveCfg = Release|Any CPU
		{BB7B7739-080F-4564-B105-D32DD1CDCDA7}.Release|x86.Build.0 = Release|Any CPU
		{7A05C716-4E11-4943-B47A-66F06B9D5455}.Debug|Any CPU.ActiveCfg = Debug|Any CPU
		{7A05C716-4E11-4943-B47A-66F06B9D5455}.Debug|Any CPU.Build.0 = Debug|Any CPU
		{7A05C716-4E11-4943-B47A-66F06B9D5455}.Debug|x64.ActiveCfg = Debug|Any CPU
		{7A05C716-4E11-4943-B47A-66F06B9D5455}.Debug|x64.Build.0 = Debug|Any CPU
		{7A05C716-4E11-4943-B47A-66F06B9D5455}.Debug|x86.ActiveCfg = Debug|Any CPU
		{7A05C716-4E11-4943-B47A-66F06B9D5455}.Debug|x86.Build.0 = Debug|Any CPU
		{7A05C716-4E11-4943-B47A-66F06B9D5455}.Release|Any CPU.ActiveCfg = Release|Any CPU
		{7A05C716-4E11-4943-B47A-66F06B9D5455}.Release|Any CPU.Build.0 = Release|Any CPU
		{7A05C716-4E11-4943-B47A-66F06B9D5455}.Release|x64.ActiveCfg = Release|Any CPU
		{7A05C716-4E11-4943-B47A-66F06B9D5455}.Release|x64.Build.0 = Release|Any CPU
		{7A05C716-4E11-4943-B47A-66F06B9D5455}.Release|x86.ActiveCfg = Release|Any CPU
		{7A05C716-4E11-4943-B47A-66F06B9D5455}.Release|x86.Build.0 = Release|Any CPU
		{0C294241-2324-4B49-8CE3-F4343A5127B8}.Debug|Any CPU.ActiveCfg = Debug|Any CPU
		{0C294241-2324-4B49-8CE3-F4343A5127B8}.Debug|Any CPU.Build.0 = Debug|Any CPU
		{0C294241-2324-4B49-8CE3-F4343A5127B8}.Debug|x64.ActiveCfg = Debug|Any CPU
		{0C294241-2324-4B49-8CE3-F4343A5127B8}.Debug|x64.Build.0 = Debug|Any CPU
		{0C294241-2324-4B49-8CE3-F4343A5127B8}.Debug|x86.ActiveCfg = Debug|Any CPU
		{0C294241-2324-4B49-8CE3-F4343A5127B8}.Debug|x86.Build.0 = Debug|Any CPU
		{0C294241-2324-4B49-8CE3-F4343A5127B8}.Release|Any CPU.ActiveCfg = Release|Any CPU
		{0C294241-2324-4B49-8CE3-F4343A5127B8}.Release|Any CPU.Build.0 = Release|Any CPU
		{0C294241-2324-4B49-8CE3-F4343A5127B8}.Release|x64.ActiveCfg = Release|Any CPU
		{0C294241-2324-4B49-8CE3-F4343A5127B8}.Release|x64.Build.0 = Release|Any CPU
		{0C294241-2324-4B49-8CE3-F4343A5127B8}.Release|x86.ActiveCfg = Release|Any CPU
		{0C294241-2324-4B49-8CE3-F4343A5127B8}.Release|x86.Build.0 = Release|Any CPU
	EndGlobalSection
EndGlobal
