
Microsoft Visual Studio Solution File, Format Version 12.00
# Visual Studio Version 17
VisualStudioVersion = 17.0.31903.59
MinimumVisualStudioVersion = 10.0.40219.1
Project("{FAE04EC0-301F-11D3-BF4B-00C04F79EFBC}") = "Google.Cloud.ApiKeys.V2", "Google.Cloud.ApiKeys.V2\Google.Cloud.ApiKeys.V2.csproj", "{968EB10D-9645-4F8F-84D3-0941D6E0FA90}"
EndProject
Project("{FAE04EC0-301F-11D3-BF4B-00C04F79EFBC}") = "Google.Cloud.ApiKeys.V2.GeneratedSnippets", "Google.Cloud.ApiKeys.V2.GeneratedSnippets\Google.Cloud.ApiKeys.V2.GeneratedSnippets.csproj", "{40BE0ED0-E5A6-4869-8A5F-E0FC52AF9121}"
EndProject
Project("{FAE04EC0-301F-11D3-BF4B-00C04F79EFBC}") = "Google.Cloud.ClientTesting", "..\..\tools\Google.Cloud.ClientTesting\Google.Cloud.ClientTesting.csproj", "{152C84D4-8A81-4CC3-89DA-DF4F7933B18D}"
EndProject
Project("{FAE04EC0-301F-11D3-BF4B-00C04F79EFBC}") = "Google.Cloud.ApiKeys.V2.Snippets", "Google.Cloud.ApiKeys.V2.Snippets\Google.Cloud.ApiKeys.V2.Snippets.csproj", "{28C717F8-7E77-4E66-96CE-6F3F4AD9E6D4}"
EndProject
Global
	GlobalSection(SolutionConfigurationPlatforms) = preSolution
		Debug|Any CPU = Debug|Any CPU
		Release|Any CPU = Release|Any CPU
	EndGlobalSection
	GlobalSection(SolutionProperties) = preSolution
		HideSolutionNode = FALSE
	EndGlobalSection
	GlobalSection(ProjectConfigurationPlatforms) = postSolution
		{968EB10D-9645-4F8F-84D3-0941D6E0FA90}.Debug|Any CPU.ActiveCfg = Debug|Any CPU
		{968EB10D-9645-4F8F-84D3-0941D6E0FA90}.Debug|Any CPU.Build.0 = Debug|Any CPU
		{968EB10D-9645-4F8F-84D3-0941D6E0FA90}.Release|Any CPU.ActiveCfg = Release|Any CPU
		{968EB10D-9645-4F8F-84D3-0941D6E0FA90}.Release|Any CPU.Build.0 = Release|Any CPU
		{40BE0ED0-E5A6-4869-8A5F-E0FC52AF9121}.Debug|Any CPU.ActiveCfg = Debug|Any CPU
		{40BE0ED0-E5A6-4869-8A5F-E0FC52AF9121}.Debug|Any CPU.Build.0 = Debug|Any CPU
		{40BE0ED0-E5A6-4869-8A5F-E0FC52AF9121}.Release|Any CPU.ActiveCfg = Release|Any CPU
		{40BE0ED0-E5A6-4869-8A5F-E0FC52AF9121}.Release|Any CPU.Build.0 = Release|Any CPU
		{152C84D4-8A81-4CC3-89DA-DF4F7933B18D}.Debug|Any CPU.ActiveCfg = Debug|Any CPU
		{152C84D4-8A81-4CC3-89DA-DF4F7933B18D}.Debug|Any CPU.Build.0 = Debug|Any CPU
		{152C84D4-8A81-4CC3-89DA-DF4F7933B18D}.Release|Any CPU.ActiveCfg = Release|Any CPU
		{152C84D4-8A81-4CC3-89DA-DF4F7933B18D}.Release|Any CPU.Build.0 = Release|Any CPU
		{28C717F8-7E77-4E66-96CE-6F3F4AD9E6D4}.Debug|Any CPU.ActiveCfg = Debug|Any CPU
		{28C717F8-7E77-4E66-96CE-6F3F4AD9E6D4}.Debug|Any CPU.Build.0 = Debug|Any CPU
		{28C717F8-7E77-4E66-96CE-6F3F4AD9E6D4}.Release|Any CPU.ActiveCfg = Release|Any CPU
		{28C717F8-7E77-4E66-96CE-6F3F4AD9E6D4}.Release|Any CPU.Build.0 = Release|Any CPU
	EndGlobalSection
EndGlobal
