
Microsoft Visual Studio Solution File, Format Version 12.00
# Visual Studio Version 17
VisualStudioVersion = 17.2.32516.85
MinimumVisualStudioVersion = 10.0.40219.1
Project("{FAE04EC0-301F-11D3-BF4B-00C04F79EFBC}") = "Google.Cloud.Memcache.V1Beta2\Google.Cloud.Memcache.V1Beta2", "Google.Cloud.Memcache.V1Beta2\Google.Cloud.Memcache.V1Beta2.csproj", "{24A75D4B-D2B9-A69B-2F17-EDA3F8AFCB3D}"
EndProject
Project("{FAE04EC0-301F-11D3-BF4B-00C04F79EFBC}") = "Google.Cloud.Memcache.V1Beta2.Snippets\Google.Cloud.Memcache.V1Beta2.Snippets", "Google.Cloud.Memcache.V1Beta2.Snippets\Google.Cloud.Memcache.V1Beta2.Snippets.csproj", "{B4D98EE3-7600-E45C-719F-8881C579D548}"
EndProject
Project("{FAE04EC0-301F-11D3-BF4B-00C04F79EFBC}") = "Google.Cloud.Memcache.V1Beta2.GeneratedSnippets\Google.Cloud.Memcache.V1Beta2.GeneratedSnippets", "Google.Cloud.Memcache.V1Beta2.GeneratedSnippets\Google.Cloud.Memcache.V1Beta2.GeneratedSnippets.csproj", "{D5E373C9-E18C-08F2-9AB9-C67D919DBD16}"
EndProject
Project("{FAE04EC0-301F-11D3-BF4B-00C04F79EFBC}") = "..\..\tools\Google.Cloud.ClientTesting\Google.Cloud.ClientTesting", "..\..\tools\Google.Cloud.ClientTesting\Google.Cloud.ClientTesting.csproj", "{D966BB1C-1B6F-1563-D7D9-4F5C5ACF8B95}"
EndProject
Global
    GlobalSection(SolutionConfigurationPlatforms) = preSolution
        Debug|Any CPU = Debug|Any CPU
        Release|Any CPU = Release|Any CPU
    EndGlobalSection
    GlobalSection(ProjectConfigurationPlatforms) = postSolution
        {24A75D4B-D2B9-A69B-2F17-EDA3F8AFCB3D}.Debug|Any CPU.ActiveCfg = Debug|Any CPU
        {24A75D4B-D2B9-A69B-2F17-EDA3F8AFCB3D}.Debug|Any CPU.Build.0 = Debug|Any CPU
        {24A75D4B-D2B9-A69B-2F17-EDA3F8AFCB3D}.Release|Any CPU.ActiveCfg = Release|Any CPU
        {24A75D4B-D2B9-A69B-2F17-EDA3F8AFCB3D}.Release|Any CPU.Build.0 = Release|Any CPU
        {B4D98EE3-7600-E45C-719F-8881C579D548}.Debug|Any CPU.ActiveCfg = Debug|Any CPU
        {B4D98EE3-7600-E45C-719F-8881C579D548}.Debug|Any CPU.Build.0 = Debug|Any CPU
        {B4D98EE3-7600-E45C-719F-8881C579D548}.Release|Any CPU.ActiveCfg = Release|Any CPU
        {B4D98EE3-7600-E45C-719F-8881C579D548}.Release|Any CPU.Build.0 = Release|Any CPU
        {D5E373C9-E18C-08F2-9AB9-C67D919DBD16}.Debug|Any CPU.ActiveCfg = Debug|Any CPU
        {D5E373C9-E18C-08F2-9AB9-C67D919DBD16}.Debug|Any CPU.Build.0 = Debug|Any CPU
        {D5E373C9-E18C-08F2-9AB9-C67D919DBD16}.Release|Any CPU.ActiveCfg = Release|Any CPU
        {D5E373C9-E18C-08F2-9AB9-C67D919DBD16}.Release|Any CPU.Build.0 = Release|Any CPU
        {D966BB1C-1B6F-1563-D7D9-4F5C5ACF8B95}.Debug|Any CPU.ActiveCfg = Debug|Any CPU
        {D966BB1C-1B6F-1563-D7D9-4F5C5ACF8B95}.Debug|Any CPU.Build.0 = Debug|Any CPU
        {D966BB1C-1B6F-1563-D7D9-4F5C5ACF8B95}.Release|Any CPU.ActiveCfg = Release|Any CPU
        {D966BB1C-1B6F-1563-D7D9-4F5C5ACF8B95}.Release|Any CPU.Build.0 = Release|Any CPU
    EndGlobalSection
EndGlobal
