
Microsoft Visual Studio Solution File, Format Version 12.00
# Visual Studio Version 17
VisualStudioVersion = 17.2.32516.85
MinimumVisualStudioVersion = 10.0.40219.1
Project("{FAE04EC0-301F-11D3-BF4B-00C04F79EFBC}") = "Google.Cloud.SecurityCenter.V1P1Beta1", "Google.Cloud.SecurityCenter.V1P1Beta1\Google.Cloud.SecurityCenter.V1P1Beta1.csproj", "{99099B0F-E8DD-C1A4-5EA4-813B27AA3DE6}"
EndProject
Project("{FAE04EC0-301F-11D3-BF4B-00C04F79EFBC}") = "Google.Cloud.SecurityCenter.V1P1Beta1.Snippets", "Google.Cloud.SecurityCenter.V1P1Beta1.Snippets\Google.Cloud.SecurityCenter.V1P1Beta1.Snippets.csproj", "{D8620BD9-7E5E-F4A4-20B3-AF1C46F02367}"
EndProject
Project("{FAE04EC0-301F-11D3-BF4B-00C04F79EFBC}") = "Google.Cloud.SecurityCenter.V1P1Beta1.GeneratedSnippets", "Google.Cloud.SecurityCenter.V1P1Beta1.GeneratedSnippets\Google.Cloud.SecurityCenter.V1P1Beta1.GeneratedSnippets.csproj", "{11EC1513-8F5A-0A85-A8CB-056322EA09A6}"
EndProject
Global
    GlobalSection(SolutionConfigurationPlatforms) = preSolution
        Debug|Any CPU = Debug|Any CPU
        Release|Any CPU = Release|Any CPU
    EndGlobalSection
    GlobalSection(ProjectConfigurationPlatforms) = postSolution
        {99099B0F-E8DD-C1A4-5EA4-813B27AA3DE6}.Debug|Any CPU.ActiveCfg = Debug|Any CPU
        {99099B0F-E8DD-C1A4-5EA4-813B27AA3DE6}.Debug|Any CPU.Build.0 = Debug|Any CPU
        {99099B0F-E8DD-C1A4-5EA4-813B27AA3DE6}.Release|Any CPU.ActiveCfg = Release|Any CPU
        {99099B0F-E8DD-C1A4-5EA4-813B27AA3DE6}.Release|Any CPU.Build.0 = Release|Any CPU
        {D8620BD9-7E5E-F4A4-20B3-AF1C46F02367}.Debug|Any CPU.ActiveCfg = Debug|Any CPU
        {D8620BD9-7E5E-F4A4-20B3-AF1C46F02367}.Debug|Any CPU.Build.0 = Debug|Any CPU
        {D8620BD9-7E5E-F4A4-20B3-AF1C46F02367}.Release|Any CPU.ActiveCfg = Release|Any CPU
        {D8620BD9-7E5E-F4A4-20B3-AF1C46F02367}.Release|Any CPU.Build.0 = Release|Any CPU
        {11EC1513-8F5A-0A85-A8CB-056322EA09A6}.Debug|Any CPU.ActiveCfg = Debug|Any CPU
        {11EC1513-8F5A-0A85-A8CB-056322EA09A6}.Debug|Any CPU.Build.0 = Debug|Any CPU
        {11EC1513-8F5A-0A85-A8CB-056322EA09A6}.Release|Any CPU.ActiveCfg = Release|Any CPU
        {11EC1513-8F5A-0A85-A8CB-056322EA09A6}.Release|Any CPU.Build.0 = Release|Any CPU
    EndGlobalSection
EndGlobal