
Microsoft Visual Studio Solution File, Format Version 12.00
# Visual Studio Version 17
VisualStudioVersion = 17.0.31903.59
MinimumVisualStudioVersion = 10.0.40219.1
Project("{FAE04EC0-301F-11D3-BF4B-00C04F79EFBC}") = "Google.Cloud.Batch.V1", "Google.Cloud.Batch.V1\Google.Cloud.Batch.V1.csproj", "{3E011018-B306-4C42-B9D3-9C8DCBF40E4A}"
EndProject
Project("{FAE04EC0-301F-11D3-BF4B-00C04F79EFBC}") = "Google.Cloud.Batch.V1.GeneratedSnippets", "Google.Cloud.Batch.V1.GeneratedSnippets\Google.Cloud.Batch.V1.GeneratedSnippets.csproj", "{CECC9209-7914-414A-AAF8-F955DDC65313}"
EndProject
Project("{FAE04EC0-301F-11D3-BF4B-00C04F79EFBC}") = "Google.Cloud.ClientTesting", "..\..\tools\Google.Cloud.ClientTesting\Google.Cloud.ClientTesting.csproj", "{53E0B216-7FEF-47A8-B4F7-1FA6286856F9}"
EndProject
Project("{FAE04EC0-301F-11D3-BF4B-00C04F79EFBC}") = "Google.Cloud.Batch.V1.Snippets", "Google.Cloud.Batch.V1.Snippets\Google.Cloud.Batch.V1.Snippets.csproj", "{65DF5EA5-F775-4649-AE20-DC0B6AB1F962}"
EndProject
Global
	GlobalSection(SolutionConfigurationPlatforms) = preSolution
		Debug|Any CPU = Debug|Any CPU
		Release|Any CPU = Release|Any CPU
	EndGlobalSection
	GlobalSection(SolutionProperties) = preSolution
		HideSolutionNode = FALSE
	EndGlobalSection
	GlobalSection(ProjectConfigurationPlatforms) = postSolution
		{3E011018-B306-4C42-B9D3-9C8DCBF40E4A}.Debug|Any CPU.ActiveCfg = Debug|Any CPU
		{3E011018-B306-4C42-B9D3-9C8DCBF40E4A}.Debug|Any CPU.Build.0 = Debug|Any CPU
		{3E011018-B306-4C42-B9D3-9C8DCBF40E4A}.Release|Any CPU.ActiveCfg = Release|Any CPU
		{3E011018-B306-4C42-B9D3-9C8DCBF40E4A}.Release|Any CPU.Build.0 = Release|Any CPU
		{CECC9209-7914-414A-AAF8-F955DDC65313}.Debug|Any CPU.ActiveCfg = Debug|Any CPU
		{CECC9209-7914-414A-AAF8-F955DDC65313}.Debug|Any CPU.Build.0 = Debug|Any CPU
		{CECC9209-7914-414A-AAF8-F955DDC65313}.Release|Any CPU.ActiveCfg = Release|Any CPU
		{CECC9209-7914-414A-AAF8-F955DDC65313}.Release|Any CPU.Build.0 = Release|Any CPU
		{53E0B216-7FEF-47A8-B4F7-1FA6286856F9}.Debug|Any CPU.ActiveCfg = Debug|Any CPU
		{53E0B216-7FEF-47A8-B4F7-1FA6286856F9}.Debug|Any CPU.Build.0 = Debug|Any CPU
		{53E0B216-7FEF-47A8-B4F7-1FA6286856F9}.Release|Any CPU.ActiveCfg = Release|Any CPU
		{53E0B216-7FEF-47A8-B4F7-1FA6286856F9}.Release|Any CPU.Build.0 = Release|Any CPU
		{65DF5EA5-F775-4649-AE20-DC0B6AB1F962}.Debug|Any CPU.ActiveCfg = Debug|Any CPU
		{65DF5EA5-F775-4649-AE20-DC0B6AB1F962}.Debug|Any CPU.Build.0 = Debug|Any CPU
		{65DF5EA5-F775-4649-AE20-DC0B6AB1F962}.Release|Any CPU.ActiveCfg = Release|Any CPU
		{65DF5EA5-F775-4649-AE20-DC0B6AB1F962}.Release|Any CPU.Build.0 = Release|Any CPU
	EndGlobalSection
EndGlobal
