
Microsoft Visual Studio Solution File, Format Version 12.00
# Visual Studio Version 17
VisualStudioVersion = 17.2.32516.85
MinimumVisualStudioVersion = 10.0.40219.1
Project("{FAE04EC0-301F-11D3-BF4B-00C04F79EFBC}") = "Google.Cloud.Trace.V1", "Google.Cloud.Trace.V1\Google.Cloud.Trace.V1.csproj", "{1D2F02F8-BA2F-884D-4350-769235040EEF}"
EndProject
Project("{FAE04EC0-301F-11D3-BF4B-00C04F79EFBC}") = "Google.Cloud.Trace.V1.Snippets", "Google.Cloud.Trace.V1.Snippets\Google.Cloud.Trace.V1.Snippets.csproj", "{BCEC2D94-E13E-EB9E-DB8F-F48C0270EDFA}"
EndProject
Project("{FAE04EC0-301F-11D3-BF4B-00C04F79EFBC}") = "Google.Cloud.Trace.V1.GeneratedSnippets", "Google.Cloud.Trace.V1.GeneratedSnippets\Google.Cloud.Trace.V1.GeneratedSnippets.csproj", "{254DE5CB-AD4F-25DA-F719-446490330599}"
EndProject
Project("{FAE04EC0-301F-11D3-BF4B-00C04F79EFBC}") = "Google.Cloud.ClientTesting", "..\..\tools\Google.Cloud.ClientTesting\Google.Cloud.ClientTesting.csproj", "{29974B0C-A7B0-8CA8-AE32-99F622C89044}"
EndProject
Global
    GlobalSection(SolutionConfigurationPlatforms) = preSolution
        Debug|Any CPU = Debug|Any CPU
        Release|Any CPU = Release|Any CPU
    EndGlobalSection
    GlobalSection(ProjectConfigurationPlatforms) = postSolution
        {1D2F02F8-BA2F-884D-4350-769235040EEF}.Debug|Any CPU.ActiveCfg = Debug|Any CPU
        {1D2F02F8-BA2F-884D-4350-769235040EEF}.Debug|Any CPU.Build.0 = Debug|Any CPU
        {1D2F02F8-BA2F-884D-4350-769235040EEF}.Release|Any CPU.ActiveCfg = Release|Any CPU
        {1D2F02F8-BA2F-884D-4350-769235040EEF}.Release|Any CPU.Build.0 = Release|Any CPU
        {BCEC2D94-E13E-EB9E-DB8F-F48C0270EDFA}.Debug|Any CPU.ActiveCfg = Debug|Any CPU
        {BCEC2D94-E13E-EB9E-DB8F-F48C0270EDFA}.Debug|Any CPU.Build.0 = Debug|Any CPU
        {BCEC2D94-E13E-EB9E-DB8F-F48C0270EDFA}.Release|Any CPU.ActiveCfg = Release|Any CPU
        {BCEC2D94-E13E-EB9E-DB8F-F48C0270EDFA}.Release|Any CPU.Build.0 = Release|Any CPU
        {254DE5CB-AD4F-25DA-F719-446490330599}.Debug|Any CPU.ActiveCfg = Debug|Any CPU
        {254DE5CB-AD4F-25DA-F719-446490330599}.Debug|Any CPU.Build.0 = Debug|Any CPU
        {254DE5CB-AD4F-25DA-F719-446490330599}.Release|Any CPU.ActiveCfg = Release|Any CPU
        {254DE5CB-AD4F-25DA-F719-446490330599}.Release|Any CPU.Build.0 = Release|Any CPU
        {29974B0C-A7B0-8CA8-AE32-99F622C89044}.Debug|Any CPU.ActiveCfg = Debug|Any CPU
        {29974B0C-A7B0-8CA8-AE32-99F622C89044}.Debug|Any CPU.Build.0 = Debug|Any CPU
        {29974B0C-A7B0-8CA8-AE32-99F622C89044}.Release|Any CPU.ActiveCfg = Release|Any CPU
        {29974B0C-A7B0-8CA8-AE32-99F622C89044}.Release|Any CPU.Build.0 = Release|Any CPU
    EndGlobalSection
EndGlobal