
Microsoft Visual Studio Solution File, Format Version 12.00
# Visual Studio Version 17
VisualStudioVersion = 17.2.32516.85
MinimumVisualStudioVersion = 10.0.40219.1
Project("{FAE04EC0-301F-11D3-BF4B-00C04F79EFBC}") = "Google.Cloud.Dataproc.V1\Google.Cloud.Dataproc.V1", "Google.Cloud.Dataproc.V1\Google.Cloud.Dataproc.V1.csproj", "{218FEDAF-F0A3-EAA7-3BAD-15947C13310D}"
EndProject
Project("{FAE04EC0-301F-11D3-BF4B-00C04F79EFBC}") = "Google.Cloud.Dataproc.V1.Snippets\Google.Cloud.Dataproc.V1.Snippets", "Google.Cloud.Dataproc.V1.Snippets\Google.Cloud.Dataproc.V1.Snippets.csproj", "{399E3CD9-A348-178E-670E-6CD1416BE067}"
EndProject
Project("{FAE04EC0-301F-11D3-BF4B-00C04F79EFBC}") = "Google.Cloud.Dataproc.V1.GeneratedSnippets\Google.Cloud.Dataproc.V1.GeneratedSnippets", "Google.Cloud.Dataproc.V1.GeneratedSnippets\Google.Cloud.Dataproc.V1.GeneratedSnippets.csproj", "{9A1EE723-4AB5-59AF-DCC9-4094A438F912}"
EndProject
Project("{FAE04EC0-301F-11D3-BF4B-00C04F79EFBC}") = "..\..\tools\Google.Cloud.ClientTesting\Google.Cloud.ClientTesting", "..\..\tools\Google.Cloud.ClientTesting\Google.Cloud.ClientTesting.csproj", "{D966BB1C-1B6F-1563-D7D9-4F5C5ACF8B95}"
EndProject
Global
    GlobalSection(SolutionConfigurationPlatforms) = preSolution
        Debug|Any CPU = Debug|Any CPU
        Release|Any CPU = Release|Any CPU
    EndGlobalSection
    GlobalSection(ProjectConfigurationPlatforms) = postSolution
        {218FEDAF-F0A3-EAA7-3BAD-15947C13310D}.Debug|Any CPU.ActiveCfg = Debug|Any CPU
        {218FEDAF-F0A3-EAA7-3BAD-15947C13310D}.Debug|Any CPU.Build.0 = Debug|Any CPU
        {218FEDAF-F0A3-EAA7-3BAD-15947C13310D}.Release|Any CPU.ActiveCfg = Release|Any CPU
        {218FEDAF-F0A3-EAA7-3BAD-15947C13310D}.Release|Any CPU.Build.0 = Release|Any CPU
        {399E3CD9-A348-178E-670E-6CD1416BE067}.Debug|Any CPU.ActiveCfg = Debug|Any CPU
        {399E3CD9-A348-178E-670E-6CD1416BE067}.Debug|Any CPU.Build.0 = Debug|Any CPU
        {399E3CD9-A348-178E-670E-6CD1416BE067}.Release|Any CPU.ActiveCfg = Release|Any CPU
        {399E3CD9-A348-178E-670E-6CD1416BE067}.Release|Any CPU.Build.0 = Release|Any CPU
        {9A1EE723-4AB5-59AF-DCC9-4094A438F912}.Debug|Any CPU.ActiveCfg = Debug|Any CPU
        {9A1EE723-4AB5-59AF-DCC9-4094A438F912}.Debug|Any CPU.Build.0 = Debug|Any CPU
        {9A1EE723-4AB5-59AF-DCC9-4094A438F912}.Release|Any CPU.ActiveCfg = Release|Any CPU
        {9A1EE723-4AB5-59AF-DCC9-4094A438F912}.Release|Any CPU.Build.0 = Release|Any CPU
        {D966BB1C-1B6F-1563-D7D9-4F5C5ACF8B95}.Debug|Any CPU.ActiveCfg = Debug|Any CPU
        {D966BB1C-1B6F-1563-D7D9-4F5C5ACF8B95}.Debug|Any CPU.Build.0 = Debug|Any CPU
        {D966BB1C-1B6F-1563-D7D9-4F5C5ACF8B95}.Release|Any CPU.ActiveCfg = Release|Any CPU
        {D966BB1C-1B6F-1563-D7D9-4F5C5ACF8B95}.Release|Any CPU.Build.0 = Release|Any CPU
    EndGlobalSection
EndGlobal
